{
    "_meta": {
        "hash": {
            "sha256": "d5973c3d084ea377c7ec81d1d372278a247eea75af22e688804bd4efbcad7e2a"
        },
        "pipfile-spec": 6,
        "requires": {
            "python_version": "3.10"
        },
        "sources": [
            {
                "name": "pypi",
                "url": "https://pypi.org/simple",
                "verify_ssl": true
            }
        ]
    },
    "default": {
        "anyio": {
            "hashes": [
                "sha256:24adc69309fb5779bc1e06158e143e0b6d2c56b302a3ac3de3083c705a6ed39d",
                "sha256:2855a9423524abcdd652d942f8932fda1735210f77a6b392eafd9ff34d3fe020"
            ],
            "markers": "python_full_version >= '3.6.2'",
            "version": "==3.4.0"
        },
        "argon2-cffi": {
            "hashes": [
                "sha256:8c976986f2c5c0e5000919e6de187906cfd81fb1c72bf9d88c01177e77da7f80",
                "sha256:d384164d944190a7dd7ef22c6aa3ff197da12962bd04b17f64d4e93d934dba5b"
            ],
            "version": "==21.3.0"
        },
        "argon2-cffi-bindings": {
            "hashes": [
                "sha256:20ef543a89dee4db46a1a6e206cd015360e5a75822f76df533845c3cbaf72670",
                "sha256:2c3e3cc67fdb7d82c4718f19b4e7a87123caf8a93fde7e23cf66ac0337d3cb3f",
                "sha256:3b9ef65804859d335dc6b31582cad2c5166f0c3e7975f324d9ffaa34ee7e6583",
                "sha256:3e385d1c39c520c08b53d63300c3ecc28622f076f4c2b0e6d7e796e9f6502194",
                "sha256:58ed19212051f49a523abb1dbe954337dc82d947fb6e5a0da60f7c8471a8476c",
                "sha256:5e00316dabdaea0b2dd82d141cc66889ced0cdcbfa599e8b471cf22c620c329a",
                "sha256:603ca0aba86b1349b147cab91ae970c63118a0f30444d4bc80355937c950c082",
                "sha256:6a22ad9800121b71099d0fb0a65323810a15f2e292f2ba450810a7316e128ee5",
                "sha256:8cd69c07dd875537a824deec19f978e0f2078fdda07fd5c42ac29668dda5f40f",
                "sha256:93f9bf70084f97245ba10ee36575f0c3f1e7d7724d67d8e5b08e61787c320ed7",
                "sha256:9524464572e12979364b7d600abf96181d3541da11e23ddf565a32e70bd4dc0d",
                "sha256:b2ef1c30440dbbcba7a5dc3e319408b59676e2e039e2ae11a8775ecf482b192f",
                "sha256:b746dba803a79238e925d9046a63aa26bf86ab2a2fe74ce6b009a1c3f5c8f2ae",
                "sha256:bb89ceffa6c791807d1305ceb77dbfacc5aa499891d2c55661c6459651fc39e3",
                "sha256:bd46088725ef7f58b5a1ef7ca06647ebaf0eb4baff7d1d0d177c6cc8744abd86",
                "sha256:ccb949252cb2ab3a08c02024acb77cfb179492d5701c7cbdbfd776124d4d2367",
                "sha256:d4966ef5848d820776f5f562a7d45fdd70c2f330c961d0d745b784034bd9f48d",
                "sha256:e415e3f62c8d124ee16018e491a009937f8cf7ebf5eb430ffc5de21b900dad93",
                "sha256:ed2937d286e2ad0cc79a7087d3c272832865f779430e0cc2b4f3718d3159b0cb",
                "sha256:f1152ac548bd5b8bcecfb0b0371f082037e47128653df2e8ba6e914d384f3c3e",
                "sha256:f9f8b450ed0547e3d473fdc8612083fd08dd2120d6ac8f73828df9b7d45bb351"
            ],
            "markers": "python_version >= '3.6'",
            "version": "==21.2.0"
        },
        "asgiref": {
            "hashes": [
                "sha256:4ef1ab46b484e3c706329cedeff284a5d40824200638503f5768edb6de7d58e9",
                "sha256:ffc141aa908e6f175673e7b1b3b7af4fdb0ecb738fc5c8b88f69f055c2415214"
            ],
            "markers": "python_version >= '3.6'",
            "version": "==3.4.1"
        },
        "brotli": {
            "hashes": [
                "sha256:160c78292e98d21e73a4cc7f76a234390e516afcd982fa17e1422f7c6a9ce9c8",
                "sha256:16d528a45c2e1909c2798f27f7bf0a3feec1dc9e50948e738b961618e38b6a7b",
                "sha256:19598ecddd8a212aedb1ffa15763dd52a388518c4550e615aed88dc3753c0f0c",
                "sha256:1c48472a6ba3b113452355b9af0a60da5c2ae60477f8feda8346f8fd48e3e87c",
                "sha256:268fe94547ba25b58ebc724680609c8ee3e5a843202e9a381f6f9c5e8bdb5c70",
                "sha256:269a5743a393c65db46a7bb982644c67ecba4b8d91b392403ad8a861ba6f495f",
                "sha256:26d168aac4aaec9a4394221240e8a5436b5634adc3cd1cdf637f6645cecbf181",
                "sha256:29d1d350178e5225397e28ea1b7aca3648fcbab546d20e7475805437bfb0a130",
                "sha256:2aad0e0baa04517741c9bb5b07586c642302e5fb3e75319cb62087bd0995ab19",
                "sha256:35a3edbe18e876e596553c4007a087f8bcfd538f19bc116917b3c7522fca0429",
                "sha256:3b78a24b5fd13c03ee2b7b86290ed20efdc95da75a3557cc06811764d5ad1126",
                "sha256:40d15c79f42e0a2c72892bf407979febd9cf91f36f495ffb333d1d04cebb34e4",
                "sha256:44bb8ff420c1d19d91d79d8c3574b8954288bdff0273bf788954064d260d7ab0",
                "sha256:4d1b810aa0ed773f81dceda2cc7b403d01057458730e309856356d4ef4188438",
                "sha256:503fa6af7da9f4b5780bb7e4cbe0c639b010f12be85d02c99452825dd0feef3f",
                "sha256:56d027eace784738457437df7331965473f2c0da2c70e1a1f6fdbae5402e0389",
                "sha256:5913a1177fc36e30fcf6dc868ce23b0453952c78c04c266d3149b3d39e1410d6",
                "sha256:5b6ef7d9f9c38292df3690fe3e302b5b530999fa90014853dcd0d6902fb59f26",
                "sha256:5cb1e18167792d7d21e21365d7650b72d5081ed476123ff7b8cac7f45189c0c7",
                "sha256:61a7ee1f13ab913897dac7da44a73c6d44d48a4adff42a5701e3239791c96e14",
                "sha256:622a231b08899c864eb87e85f81c75e7b9ce05b001e59bbfbf43d4a71f5f32b2",
                "sha256:68715970f16b6e92c574c30747c95cf8cf62804569647386ff032195dc89a430",
                "sha256:6b2ae9f5f67f89aade1fab0f7fd8f2832501311c363a21579d02defa844d9296",
                "sha256:6c772d6c0a79ac0f414a9f8947cc407e119b8598de7621f39cacadae3cf57d12",
                "sha256:76ffebb907bec09ff511bb3acc077695e2c32bc2142819491579a695f77ffd4d",
                "sha256:7cb81373984cc0e4682f31bc3d6be9026006d96eecd07ea49aafb06897746452",
                "sha256:7ee83d3e3a024a9618e5be64648d6d11c37047ac48adff25f12fa4226cf23d1c",
                "sha256:854c33dad5ba0fbd6ab69185fec8dab89e13cda6b7d191ba111987df74f38761",
                "sha256:87fdccbb6bb589095f413b1e05734ba492c962b4a45a13ff3408fa44ffe6479b",
                "sha256:88c63a1b55f352b02c6ffd24b15ead9fc0e8bf781dbe070213039324922a2eea",
                "sha256:8a674ac10e0a87b683f4fa2b6fa41090edfd686a6524bd8dedbd6138b309175c",
                "sha256:93130612b837103e15ac3f9cbacb4613f9e348b58b3aad53721d92e57f96d46a",
                "sha256:9744a863b489c79a73aba014df554b0e7a0fc44ef3f8a0ef2a52919c7d155031",
                "sha256:9749a124280a0ada4187a6cfd1ffd35c350fb3af79c706589d98e088c5044267",
                "sha256:97f715cf371b16ac88b8c19da00029804e20e25f30d80203417255d239f228b5",
                "sha256:9bf919756d25e4114ace16a8ce91eb340eb57a08e2c6950c3cebcbe3dff2a5e7",
                "sha256:9d12cf2851759b8de8ca5fde36a59c08210a97ffca0eb94c532ce7b17c6a3d1d",
                "sha256:a72661af47119a80d82fa583b554095308d6a4c356b2a554fdc2799bc19f2a43",
                "sha256:afde17ae04d90fbe53afb628f7f2d4ca022797aa093e809de5c3cf276f61bbfa",
                "sha256:b663f1e02de5d0573610756398e44c130add0eb9a3fc912a09665332942a2efb",
                "sha256:c2415d9d082152460f2bd4e382a1e85aed233abc92db5a3880da2257dc7daf7b",
                "sha256:c83aa123d56f2e060644427a882a36b3c12db93727ad7a7b9efd7d7f3e9cc2c4",
                "sha256:cfc391f4429ee0a9370aa93d812a52e1fee0f37a81861f4fdd1f4fb28e8547c3",
                "sha256:db844eb158a87ccab83e868a762ea8024ae27337fc7ddcbfcddd157f841fdfe7",
                "sha256:defed7ea5f218a9f2336301e6fd379f55c655bea65ba2476346340a0ce6f74a1",
                "sha256:e16eb9541f3dd1a3e92b89005e37b1257b157b7256df0e36bd7b33b50be73bcb",
                "sha256:f909bbbc433048b499cb9db9e713b5d8d949e8c109a2a548502fb9aa8630f0b1"
            ],
            "version": "==1.0.9"
        },
        "certifi": {
            "hashes": [
                "sha256:78884e7c1d4b00ce3cea67b44566851c4343c120abd683433ce934a68ea58872",
                "sha256:d62a0163eb4c2344ac042ab2bdf75399a71a2d8c7d47eac2e2ee91b9d6339569"
            ],
            "version": "==2021.10.8"
        },
        "cffi": {
            "hashes": [
                "sha256:00c878c90cb53ccfaae6b8bc18ad05d2036553e6d9d1d9dbcf323bbe83854ca3",
                "sha256:0104fb5ae2391d46a4cb082abdd5c69ea4eab79d8d44eaaf79f1b1fd806ee4c2",
                "sha256:06c48159c1abed75c2e721b1715c379fa3200c7784271b3c46df01383b593636",
                "sha256:0808014eb713677ec1292301ea4c81ad277b6cdf2fdd90fd540af98c0b101d20",
                "sha256:10dffb601ccfb65262a27233ac273d552ddc4d8ae1bf93b21c94b8511bffe728",
                "sha256:14cd121ea63ecdae71efa69c15c5543a4b5fbcd0bbe2aad864baca0063cecf27",
                "sha256:17771976e82e9f94976180f76468546834d22a7cc404b17c22df2a2c81db0c66",
                "sha256:181dee03b1170ff1969489acf1c26533710231c58f95534e3edac87fff06c443",
                "sha256:23cfe892bd5dd8941608f93348c0737e369e51c100d03718f108bf1add7bd6d0",
                "sha256:263cc3d821c4ab2213cbe8cd8b355a7f72a8324577dc865ef98487c1aeee2bc7",
                "sha256:2756c88cbb94231c7a147402476be2c4df2f6078099a6f4a480d239a8817ae39",
                "sha256:27c219baf94952ae9d50ec19651a687b826792055353d07648a5695413e0c605",
                "sha256:2a23af14f408d53d5e6cd4e3d9a24ff9e05906ad574822a10563efcef137979a",
                "sha256:31fb708d9d7c3f49a60f04cf5b119aeefe5644daba1cd2a0fe389b674fd1de37",
                "sha256:3415c89f9204ee60cd09b235810be700e993e343a408693e80ce7f6a40108029",
                "sha256:3773c4d81e6e818df2efbc7dd77325ca0dcb688116050fb2b3011218eda36139",
                "sha256:3b96a311ac60a3f6be21d2572e46ce67f09abcf4d09344c49274eb9e0bf345fc",
                "sha256:3f7d084648d77af029acb79a0ff49a0ad7e9d09057a9bf46596dac9514dc07df",
                "sha256:41d45de54cd277a7878919867c0f08b0cf817605e4eb94093e7516505d3c8d14",
                "sha256:4238e6dab5d6a8ba812de994bbb0a79bddbdf80994e4ce802b6f6f3142fcc880",
                "sha256:45db3a33139e9c8f7c09234b5784a5e33d31fd6907800b316decad50af323ff2",
                "sha256:45e8636704eacc432a206ac7345a5d3d2c62d95a507ec70d62f23cd91770482a",
                "sha256:4958391dbd6249d7ad855b9ca88fae690783a6be9e86df65865058ed81fc860e",
                "sha256:4a306fa632e8f0928956a41fa8e1d6243c71e7eb59ffbd165fc0b41e316b2474",
                "sha256:57e9ac9ccc3101fac9d6014fba037473e4358ef4e89f8e181f8951a2c0162024",
                "sha256:59888172256cac5629e60e72e86598027aca6bf01fa2465bdb676d37636573e8",
                "sha256:5e069f72d497312b24fcc02073d70cb989045d1c91cbd53979366077959933e0",
                "sha256:64d4ec9f448dfe041705426000cc13e34e6e5bb13736e9fd62e34a0b0c41566e",
                "sha256:6dc2737a3674b3e344847c8686cf29e500584ccad76204efea14f451d4cc669a",
                "sha256:74fdfdbfdc48d3f47148976f49fab3251e550a8720bebc99bf1483f5bfb5db3e",
                "sha256:75e4024375654472cc27e91cbe9eaa08567f7fbdf822638be2814ce059f58032",
                "sha256:786902fb9ba7433aae840e0ed609f45c7bcd4e225ebb9c753aa39725bb3e6ad6",
                "sha256:8b6c2ea03845c9f501ed1313e78de148cd3f6cad741a75d43a29b43da27f2e1e",
                "sha256:91d77d2a782be4274da750752bb1650a97bfd8f291022b379bb8e01c66b4e96b",
                "sha256:91ec59c33514b7c7559a6acda53bbfe1b283949c34fe7440bcf917f96ac0723e",
                "sha256:920f0d66a896c2d99f0adbb391f990a84091179542c205fa53ce5787aff87954",
                "sha256:a5263e363c27b653a90078143adb3d076c1a748ec9ecc78ea2fb916f9b861962",
                "sha256:abb9a20a72ac4e0fdb50dae135ba5e77880518e742077ced47eb1499e29a443c",
                "sha256:c2051981a968d7de9dd2d7b87bcb9c939c74a34626a6e2f8181455dd49ed69e4",
                "sha256:c21c9e3896c23007803a875460fb786118f0cdd4434359577ea25eb556e34c55",
                "sha256:c2502a1a03b6312837279c8c1bd3ebedf6c12c4228ddbad40912d671ccc8a962",
                "sha256:d4d692a89c5cf08a8557fdeb329b82e7bf609aadfaed6c0d79f5a449a3c7c023",
                "sha256:da5db4e883f1ce37f55c667e5c0de439df76ac4cb55964655906306918e7363c",
                "sha256:e7022a66d9b55e93e1a845d8c9eba2a1bebd4966cd8bfc25d9cd07d515b33fa6",
                "sha256:ef1f279350da2c586a69d32fc8733092fd32cc8ac95139a00377841f59a3f8d8",
                "sha256:f54a64f8b0c8ff0b64d18aa76675262e1700f3995182267998c31ae974fbc382",
                "sha256:f5c7150ad32ba43a07c4479f40241756145a1f03b43480e058cfd862bf5041c7",
                "sha256:f6f824dc3bce0edab5f427efcfb1d63ee75b6fcb7282900ccaf925be84efb0fc",
                "sha256:fd8a250edc26254fe5b33be00402e6d287f562b6a5b2152dec302fa15bb3e997",
                "sha256:ffaa5c925128e29efbde7301d8ecaf35c8c60ffbcd6a1ffd3a552177c8e5e796"
            ],
            "version": "==1.15.0"
        },
        "charset-normalizer": {
            "hashes": [
                "sha256:876d180e9d7432c5d1dfd4c5d26b72f099d503e8fcc0feb7532c9289be60fcbd",
                "sha256:cb957888737fc0bbcd78e3df769addb41fd1ff8cf950dc9e7ad7793f1bf44455"
            ],
            "markers": "python_version >= '3.5'",
            "version": "==2.0.10"
        },
        "django": {
            "extras": [
                "argon2"
            ],
            "hashes": [
                "sha256:2485eea3cc4c3bae13080dee866ebf90ba9f98d1afe8fda89bfb0eb2e218ef86",
                "sha256:7cd8e8a3ed2bc0dfda05ce1e53a9c81b30eefd7aa350e538a18884475e4d4ce2"
            ],
            "index": "pypi",
            "version": "==4.0.1"
        },
        "django-tinymce": {
            "hashes": [
                "sha256:275653dbf09fbd3347928757d6baf29040b42fe5c5d95396418c36aa4b1517eb",
                "sha256:4241eb201c670892aa8980a130652f4ae818ba24702f078336296d25e9e1658b"
            ],
            "index": "pypi",
            "version": "==3.4.0"
        },
        "dnspython": {
            "hashes": [
                "sha256:258d7ea3c86c8cea20705e904764fef5e93837c07d1499a13154e9ba0a93b420",
                "sha256:84656be4dc8379066be55c594622e82250874f9bccc9993f73cf9df72fc4cffc"
            ],
            "markers": "python_version >= '3.6' and python_version < '4'",
            "version": "==2.2.0rc1"
        },
        "h11": {
            "hashes": [
                "sha256:36a3cb8c0a032f56e2da7084577878a035d3b61d104230d4bd49c0c6b555a9c6",
                "sha256:47222cb6067e4a307d535814917cd98fd0a57b6788ce715755fa2b6c28b56042"
            ],
            "markers": "python_version >= '3.6'",
            "version": "==0.12.0"
        },
        "h2": {
            "hashes": [
                "sha256:03a46bcf682256c95b5fd9e9a99c1323584c3eec6440d379b9903d709476bc6d",
                "sha256:a83aca08fbe7aacb79fec788c9c0bac936343560ed9ec18b82a13a12c28d2abb"
            ],
            "version": "==4.1.0"
        },
        "hpack": {
            "hashes": [
                "sha256:84a076fad3dc9a9f8063ccb8041ef100867b1878b25ef0ee63847a5d53818a6c",
                "sha256:fc41de0c63e687ebffde81187a948221294896f6bdc0ae2312708df339430095"
            ],
            "markers": "python_full_version >= '3.6.1'",
            "version": "==4.0.0"
        },
        "httpcore": {
            "hashes": [
                "sha256:036f960468759e633574d7c121afba48af6419615d36ab8ede979f1ad6276fa3",
                "sha256:369aa481b014cf046f7067fddd67d00560f2f00426e79569d99cb11245134af0"
            ],
            "markers": "python_version >= '3.6'",
            "version": "==0.13.7"
        },
        "httpx": {
            "extras": [
                "http2"
            ],
            "hashes": [
                "sha256:2f57e72cee80879eaccde550fd1192d827d26662c6f3a65b89acdaaba03a4c89",
                "sha256:78bf0260283a9c10682b1dc2d6d753f154eb876df669518f18dfa8a0e8700dc5"
            ],
            "index": "pypi",
            "version": "==1.0.0b0"
        },
        "hyperframe": {
            "hashes": [
                "sha256:0ec6bafd80d8ad2195c4f03aacba3a8265e57bc4cff261e802bf39970ed02a15",
                "sha256:ae510046231dc8e9ecb1a6586f63d2347bf4c8905914aa84ba585ae85f28a914"
            ],
            "markers": "python_full_version >= '3.6.1'",
            "version": "==6.0.1"
        },
        "idna": {
            "hashes": [
                "sha256:84d9dd047ffa80596e0f246e2eab0b391788b0503584e8945f2368256d2735ff",
                "sha256:9d643ff0a55b762d5cdb124b8eaa99c66322e2157b69160bc32796e824360e6d"
            ],
            "markers": "python_version >= '3.5'",
            "version": "==3.3"
        },
        "libravatar-py": {
            "hashes": [
                "sha256:f25ab14327866a01841afb84d6f9cbf7c09f85a7132b19526117e2eda8ca981a"
            ],
            "index": "pypi",
            "version": "==0.0.2"
        },
        "pillow": {
            "hashes": [
                "sha256:03b27b197deb4ee400ed57d8d4e572d2d8d80f825b6634daf6e2c18c3c6ccfa6",
                "sha256:0b281fcadbb688607ea6ece7649c5d59d4bbd574e90db6cd030e9e85bde9fecc",
                "sha256:0ebd8b9137630a7bbbff8c4b31e774ff05bbb90f7911d93ea2c9371e41039b52",
                "sha256:113723312215b25c22df1fdf0e2da7a3b9c357a7d24a93ebbe80bfda4f37a8d4",
                "sha256:2d16b6196fb7a54aff6b5e3ecd00f7c0bab1b56eee39214b2b223a9d938c50af",
                "sha256:2fd8053e1f8ff1844419842fd474fc359676b2e2a2b66b11cc59f4fa0a301315",
                "sha256:31b265496e603985fad54d52d11970383e317d11e18e856971bdbb86af7242a4",
                "sha256:3586e12d874ce2f1bc875a3ffba98732ebb12e18fb6d97be482bd62b56803281",
                "sha256:47f5cf60bcb9fbc46011f75c9b45a8b5ad077ca352a78185bd3e7f1d294b98bb",
                "sha256:490e52e99224858f154975db61c060686df8a6b3f0212a678e5d2e2ce24675c9",
                "sha256:500d397ddf4bbf2ca42e198399ac13e7841956c72645513e8ddf243b31ad2128",
                "sha256:52abae4c96b5da630a8b4247de5428f593465291e5b239f3f843a911a3cf0105",
                "sha256:6579f9ba84a3d4f1807c4aab4be06f373017fc65fff43498885ac50a9b47a553",
                "sha256:68e06f8b2248f6dc8b899c3e7ecf02c9f413aab622f4d6190df53a78b93d97a5",
                "sha256:6c5439bfb35a89cac50e81c751317faea647b9a3ec11c039900cd6915831064d",
                "sha256:72c3110228944019e5f27232296c5923398496b28be42535e3b2dc7297b6e8b6",
                "sha256:72f649d93d4cc4d8cf79c91ebc25137c358718ad75f99e99e043325ea7d56100",
                "sha256:7aaf07085c756f6cb1c692ee0d5a86c531703b6e8c9cae581b31b562c16b98ce",
                "sha256:80fe92813d208ce8aa7d76da878bdc84b90809f79ccbad2a288e9bcbeac1d9bd",
                "sha256:95545137fc56ce8c10de646074d242001a112a92de169986abd8c88c27566a05",
                "sha256:97b6d21771da41497b81652d44191489296555b761684f82b7b544c49989110f",
                "sha256:98cb63ca63cb61f594511c06218ab4394bf80388b3d66cd61d0b1f63ee0ea69f",
                "sha256:9f3b4522148586d35e78313db4db0df4b759ddd7649ef70002b6c3767d0fdeb7",
                "sha256:a09a9d4ec2b7887f7a088bbaacfd5c07160e746e3d47ec5e8050ae3b2a229e9f",
                "sha256:b5050d681bcf5c9f2570b93bee5d3ec8ae4cf23158812f91ed57f7126df91762",
                "sha256:bb47a548cea95b86494a26c89d153fd31122ed65255db5dcbc421a2d28eb3379",
                "sha256:bc462d24500ba707e9cbdef436c16e5c8cbf29908278af053008d9f689f56dee",
                "sha256:c2067b3bb0781f14059b112c9da5a91c80a600a97915b4f48b37f197895dd925",
                "sha256:d154ed971a4cc04b93a6d5b47f37948d1f621f25de3e8fa0c26b2d44f24e3e8f",
                "sha256:d5dcea1387331c905405b09cdbfb34611050cc52c865d71f2362f354faee1e9f",
                "sha256:ee6e2963e92762923956fe5d3479b1fdc3b76c83f290aad131a2f98c3df0593e",
                "sha256:fd0e5062f11cb3e730450a7d9f323f4051b532781026395c4323b8ad055523c4"
            ],
            "index": "pypi",
            "version": "==9.0.0"
        },
        "pillow-avif-plugin": {
            "hashes": [
                "sha256:034d1abca8523f53e78222ffce05b9b5a597f7ae8b1b2f7b769e1cdf74017fc5",
                "sha256:10b38763a271cea2f8f3f874a5ad58b2b16f433f38acc68b7ee8a3824df128c3",
                "sha256:13073052778d6ac193f875bd319050c77202dd0dd48de80d49ca08e27b96d3fd",
                "sha256:131db862cdb25fd0d0348e2485f621b884d3045d55d279a0c84d5d684e1cf492",
                "sha256:1ee0b14907b9b6353ae5b52887a9158c9f24c8bed48976d0897be4a494b59dd6",
                "sha256:208cf2975cc8794e2495a747445110771147c8d16e003ae4e575e4e62a82415c",
                "sha256:23d66a6b9100d4821454c290ccf2169d2c712a3b088bdb9b512d8e3636462ab9",
                "sha256:2498cf9e09421251ff4ae21cc5ee66757d988b3f6f6f2608df15017812f11438",
                "sha256:2a2268f6a055142a6c435ac34fa869f5296b7afc12a8b64f8799d24f4fae0105",
                "sha256:2a358626870ad7ce561d6d0c3d080779f0ed2a087e1cb93ea4c641ed8de5b199",
                "sha256:389e4a0c6bcda3dda655e8cd94a5a8709b529413443f8c029e36242b61db03ac",
                "sha256:3ca78f11bafad570c6bc18f869c659b39ba7368304388170c2ca455aad2264f5",
                "sha256:4a014d2377985e1a0bffa2c3f3c3c3c78ec10a6381320677b212a1e1c77f5038",
                "sha256:4afec6bb582a9920979f0e6432bc2e5809c19f177cbd688d3e1eaab12cc5a9ed",
                "sha256:4dce9dbf69fc2139a383523097d50b9eda5fc725b176a9d7216b1b7248bc78ba",
                "sha256:5af97da2fa70b9904487d4041b993b7b971ab7c6cadd86629f73556cad3ab4e5",
                "sha256:5e462fdaab108a4e90c35653d1b097852658ec352511cef600e6fc74dbbdf0fd",
                "sha256:60dbf1e8c2015a2437441d6b4b99bb7ee57e6ec5034c233e97773715b5837940",
                "sha256:643036cd4a4bfc955945f0c4e81a15055d9bf6f130b60a4257eaa8e422310676",
                "sha256:6d70bc7a0744d46211fb1d7da1ba47f3bcb6b92f0169f1d53f552411ae763292",
                "sha256:813c7fe935b11c5370454ae923b0513ffb50095cb0b0ecc9527528410dbd6c15",
                "sha256:914af0b05ce5dd5023947585912ffa0bd83d60e0b768e16c2047e4b20836a07e",
                "sha256:9b8d51e00ec8e1eba25957c81f1450c78a2876d44be623d6d0938d0e9467c92a",
                "sha256:a2c6b8c6011c9958deee4d50c78b3a9682653a84e59f44a0860b7471ffdc7d64",
                "sha256:a687f16fb8921bec8217408130b529392027ad0056f2788c6bcfabc0343370d6",
                "sha256:ac34f5f12847feba898ee51753ddac60463cc4c90be15befb5b3f05ab7f7eb97",
                "sha256:aedac09dd383e673a4fca5e417adb7497d50ac710938b81dcbb7069368bc94ed",
                "sha256:b3ecb444410a2130bc23ffd708f54cd61d2b6c7ddc43f01d098057381d778724",
                "sha256:b91c31b853ebc560f867c1f8b7f93e846396066cdf6c521e4b7d87b6db82ee06",
                "sha256:bd3faf81a9355fb58573c9ef96ddf448695ca90fb5757e763a4b1c7913676b02",
                "sha256:c09f21456d553eb0b229ceb768fbad54471e0612d6005ac3ccb756d8441539be",
                "sha256:cb03ec7b6b1d98a8dbe4b264c67ca8ba794d698b39b9975dc154adae55537f33",
                "sha256:d142a5d2661e74804264c9fc5c277afc80024ee9eb0e638bba47c0b100df0403",
                "sha256:d272797707177eb53e3972cb4c4149508b375c6ea9b8d8fc34b18cab026b8ba0",
                "sha256:e037084dc16aa1bccbd3209dd936eb3a84515c741a10b1f6c5aafac932244419",
                "sha256:e96911dc700157da68b84f0e2693c67ea905777864846e7ce6bdf5815f443ba6",
                "sha256:eadc322910117b4313b0bddbeda2e336eb59e3771a2d3f2eb645c30b6a154d34",
                "sha256:eb2c026a1231d23d28b8d735f3937da6020b59c16f680a05a535574c79773c05",
                "sha256:f984c2a4ae306268c733be7bac55d55bde1bafd186f0aa3ac0ecd134feebb23c"
            ],
            "index": "pypi",
            "version": "==1.2.1"
        },
        "pycparser": {
            "hashes": [
                "sha256:8ee45429555515e1f6b185e78100aea234072576aa43ab53aefcae078162fca9",
                "sha256:e644fdec12f7872f86c58ff790da456218b10f863970249516d60a5eaca77206"
            ],
            "version": "==2.21"
        },
        "pycryptodome": {
            "hashes": [
                "sha256:1181c90d1a6aee68a84826825548d0db1b58d8541101f908d779d601d1690586",
                "sha256:12c7343aec5a3b3df5c47265281b12b611f26ec9367b6129199d67da54b768c1",
                "sha256:212c7f7fe11cad9275fbcff50ca977f1c6643f13560d081e7b0f70596df447b8",
                "sha256:32d15da81959faea6cbed95df2bb44f7f796211c110cf90b5ad3b2aeeb97fc8e",
                "sha256:341c6bbf932c406b4f3ee2372e8589b67ac0cf4e99e7dc081440f43a3cde9f0f",
                "sha256:3558616f45d8584aee3eba27559bc6fd0ba9be6c076610ed3cc62bd5229ffdc3",
                "sha256:39da5807aa1ff820799c928f745f89432908bf6624b9e981d2d7f9e55d91b860",
                "sha256:3f2f3dd596c6128d91314e60a6bcf4344610ef0e97f4ae4dd1770f86dd0748d8",
                "sha256:4cded12e13785bbdf4ba1ff5fb9d261cd98162145f869e4fbc4a4b9083392f0b",
                "sha256:5a8c24d39d4a237dbfe181ea6593792bf9b5582c7fcfa7b8e0e12fda5eec07af",
                "sha256:5d4264039a2087977f50072aaff2346d1c1c101cb359f9444cf92e3d1f42b4cd",
                "sha256:6bb0d340c93bcb674ea8899e2f6408ec64c6c21731a59481332b4b2a8143cc60",
                "sha256:6f8f5b7b53516da7511951910ab458e799173722c91fea54e2ba2f56d102e4aa",
                "sha256:90ad3381ccdc6a24cc2841e295706a168f32abefe64c679695712acac71fd5da",
                "sha256:93acad54a72d81253242eb0a15064be559ec9d989e5173286dc21cad19f01765",
                "sha256:9ea2f6674c803602a7c0437fccdc2ea036707e60456974fe26ca263bd501ec45",
                "sha256:a6e1bcd9d5855f1a3c0f8d585f44c81b08f39a02754007f374fb8db9605ba29c",
                "sha256:a78e4324e566b5fbc2b51e9240950d82fa9e1c7eb77acdf27f58712f65622c1d",
                "sha256:aceb1d217c3a025fb963849071446cf3aca1353282fe1c3cb7bd7339a4d47947",
                "sha256:aed7eb4b64c600fbc5e6d4238991ad1b4179a558401f203d1fcbd24883748982",
                "sha256:b07a4238465eb8c65dd5df2ab8ba6df127e412293c0ed7656c003336f557a100",
                "sha256:b91404611767a7485837a6f1fd20cf9a5ae0ad362040a022cd65827ecb1b0d00",
                "sha256:d8083de50f6dec56c3c6f270fb193590999583a1b27c9c75bc0b5cac22d438cc",
                "sha256:d845c587ceb82ac7cbac7d0bf8c62a1a0fe7190b028b322da5ca65f6e5a18b9e",
                "sha256:db66ccda65d5d20c17b00768e462a86f6f540f9aea8419a7f76cc7d9effd82cd",
                "sha256:dc88355c4b261ed259268e65705b28b44d99570337694d593f06e3b1698eaaf3",
                "sha256:de0b711d673904dd6c65307ead36cb76622365a393569bf880895cba21195b7a",
                "sha256:e05f994f30f1cda3cbe57441f41220d16731cf99d868bb02a8f6484c454c206b",
                "sha256:e80f7469b0b3ea0f694230477d8501dc5a30a717e94fddd4821e6721f3053eae",
                "sha256:f699360ae285fcae9c8f53ca6acf33796025a82bb0ccd7c1c551b04c1726def3"
            ],
            "index": "pypi",
            "version": "==3.12.0"
        },
        "rfc3986": {
            "extras": [
                "idna2008"
            ],
            "hashes": [
                "sha256:270aaf10d87d0d4e095063c65bf3ddbc6ee3d0b226328ce21e036f946e421835",
                "sha256:a86d6e1f5b1dc238b218b012df0aa79409667bb209e58da56d0b94704e712a97"
            ],
            "version": "==1.5.0"
        },
        "six": {
            "hashes": [
                "sha256:1e61c37477a1626458e36f7b1d82aa5c9b094fa4802892072e49de9c60c4c926",
                "sha256:8abb2f1d86890a2dfb989f9a77cfcfd3e47c2a354b01111771326f8aa26e0254"
            ],
            "markers": "python_version >= '2.7' and python_version not in '3.0, 3.1, 3.2, 3.3'",
            "version": "==1.16.0"
        },
        "sniffio": {
            "hashes": [
                "sha256:471b71698eac1c2112a40ce2752bb2f4a4814c22a54a3eed3676bc0f5ca9f663",
                "sha256:c4666eecec1d3f50960c6bdf61ab7bc350648da6c126e3cf6898d8cd4ddcd3de"
            ],
            "markers": "python_version >= '3.5'",
            "version": "==1.2.0"
        },
        "sqlparse": {
            "hashes": [
                "sha256:0c00730c74263a94e5a9919ade150dfc3b19c574389985446148402998287dae",
                "sha256:48719e356bb8b42991bdbb1e8b83223757b93789c00910a616a071910ca4a64d"
            ],
            "markers": "python_version >= '3.5'",
            "version": "==0.4.2"
        },
        "tenacity": {
            "hashes": [
                "sha256:3a916e734559f1baa2cab965ee00061540c41db71c3bf25375b81540a19758fc",
                "sha256:e664bd94f088b17f46da33255ae33911ca6a0fe04b156d334b601a4ef66d3c5f"
            ],
            "index": "pypi",
            "version": "==5.1.5"
        },
        "tzdata": {
            "hashes": [
                "sha256:3eee491e22ebfe1e5cfcc97a4137cd70f092ce59144d81f8924a844de05ba8f5",
                "sha256:68dbe41afd01b867894bbdfd54fa03f468cfa4f0086bfb4adcd8de8f24f3ee21"
            ],
            "markers": "sys_platform == 'win32'",
            "version": "==2021.5"
        },
        "watchgod": {
            "hashes": [
                "sha256:48140d62b0ebe9dd9cf8381337f06351e1f2e70b2203fa9c6eff4e572ca84f29",
                "sha256:d6c1ea21df37847ac0537ca0d6c2f4cdf513562e95f77bb93abbcf05573407b7"
            ],
            "index": "pypi",
            "version": "==0.7"
        },
        "whitenoise": {
            "extras": [
                "brotli"
            ],
            "hashes": [
                "sha256:d234b871b52271ae7ed6d9da47ffe857c76568f11dd30e28e18c5869dbd11e12",
                "sha256:d963ef25639d1417e8a247be36e6aedd8c7c6f0a08adcb5a89146980a96b577c"
            ],
            "index": "pypi",
            "version": "==5.3.0"
        }
    },
    "develop": {
        "black": {
            "hashes": [
                "sha256:77b80f693a569e2e527958459634f18df9b0ba2625ba4e0c2d5da5be42e6f2b3",
                "sha256:a615e69ae185e08fdd73e4715e260e2479c861b5740057fde6e8b4e3b7dd589f"
            ],
            "index": "pypi",
            "version": "==21.12b0"
        },
        "click": {
            "hashes": [
                "sha256:353f466495adaeb40b6b5f592f9f91cb22372351c84caeb068132442a4518ef3",
                "sha256:410e932b050f5eed773c4cda94de75971c89cdb3155a72a0831139a79e5ecb5b"
            ],
            "markers": "python_version >= '3.6'",
            "version": "==8.0.3"
        },
        "colorama": {
            "hashes": [
                "sha256:5941b2b48a20143d2267e95b1c2a7603ce057ee39fd88e7329b0c292aa16869b",
                "sha256:9f47eda37229f68eee03b24b9748937c7dc3868f906e8ba69fbcbdd3bc5dc3e2"
            ],
            "markers": "platform_system == 'Windows'",
            "version": "==0.4.4"
        },
        "mypy-extensions": {
            "hashes": [
                "sha256:090fedd75945a69ae91ce1303b5824f428daf5a028d2f6ab8a299250a846f15d",
                "sha256:2d82818f5bb3e369420cb3c4060a7970edba416647068eb4c5343488a6c604a8"
            ],
            "version": "==0.4.3"
        },
        "pathspec": {
            "hashes": [
                "sha256:7d15c4ddb0b5c802d161efc417ec1a2558ea2653c2e8ad9c19098201dc1c993a",
                "sha256:e564499435a2673d586f6b2130bb5b95f04a3ba06f81b8f895b651a3c76aabb1"
            ],
            "version": "==0.9.0"
        },
        "platformdirs": {
            "hashes": [
                "sha256:1d7385c7db91728b83efd0ca99a5afb296cab9d0ed8313a45ed8ba17967ecfca",
                "sha256:440633ddfebcc36264232365d7840a970e75e1018d15b4327d11f91909045fda"
            ],
            "markers": "python_version >= '3.7'",
            "version": "==2.4.1"
        },
        "tomli": {
            "hashes": [
                "sha256:05b6166bff487dc068d322585c7ea4ef78deed501cc124060e0f238e89a9231f",
                "sha256:e3069e4be3ead9668e21cb9b074cd948f7b3113fd9c8bba083f48247aab8b11c"
            ],
            "markers": "python_version >= '3.6'",
            "version": "==1.2.3"
        },
        "typing-extensions": {
            "hashes": [
                "sha256:4ca091dea149f945ec56afb48dae714f21e8692ef22a395223bcd328961b6a0e",
                "sha256:7f001e5ac290a0c0401508864c7ec868be4e701886d5b573a9528ed3973d9d3b"
            ],
            "markers": "python_version >= '3.10'",
            "version": "==4.0.1"
        }
    }
}
