{
    "_meta": {
        "hash": {
            "sha256": "54542deba67bc5684585de403450f334d61611d2067777f2abc81aae6951b92c"
        },
        "pipfile-spec": 6,
        "requires": {
            "python_version": "3.10"
        },
        "sources": [
            {
                "name": "pypi",
                "url": "https://pypi.org/simple",
                "verify_ssl": true
            }
        ]
    },
    "default": {
        "buildozer": {
            "hashes": [
                "sha256:987cc4363c4834893bbf1c32547b8afd953a16b92d788a654ca5f89ba197d9ea",
                "sha256:ec685a53f88789607a43e629f9e25992c9be8824518b00d77ce3092ff7deca75"
            ],
            "index": "pypi",
            "version": "==1.5.0"
        },
        "certifi": {
            "hashes": [
                "sha256:539cc1d13202e33ca466e88b2807e29f4c13049d6d87031a3c110744495cb082",
                "sha256:92d6037539857d8206b8f6ae472e8b77db8058fec5937a1ef3f54304089edbb9"
            ],
            "markers": "python_version >= '3.6'",
            "version": "==2023.7.22"
        },
        "charset-normalizer": {
            "hashes": [
                "sha256:06cf46bdff72f58645434d467bf5228080801298fbba19fe268a01b4534467f5",
                "sha256:0c8c61fb505c7dad1d251c284e712d4e0372cef3b067f7ddf82a7fa82e1e9a93",
                "sha256:10b8dd31e10f32410751b3430996f9807fc4d1587ca69772e2aa940a82ab571a",
                "sha256:1171ef1fc5ab4693c5d151ae0fdad7f7349920eabbaca6271f95969fa0756c2d",
                "sha256:17a866d61259c7de1bdadef418a37755050ddb4b922df8b356503234fff7932c",
                "sha256:1d6bfc32a68bc0933819cfdfe45f9abc3cae3877e1d90aac7259d57e6e0f85b1",
                "sha256:1ec937546cad86d0dce5396748bf392bb7b62a9eeb8c66efac60e947697f0e58",
                "sha256:223b4d54561c01048f657fa6ce41461d5ad8ff128b9678cfe8b2ecd951e3f8a2",
                "sha256:2465aa50c9299d615d757c1c888bc6fef384b7c4aec81c05a0172b4400f98557",
                "sha256:28f512b9a33235545fbbdac6a330a510b63be278a50071a336afc1b78781b147",
                "sha256:2c092be3885a1b7899cd85ce24acedc1034199d6fca1483fa2c3a35c86e43041",
                "sha256:2c4c99f98fc3a1835af8179dcc9013f93594d0670e2fa80c83aa36346ee763d2",
                "sha256:31445f38053476a0c4e6d12b047b08ced81e2c7c712e5a1ad97bc913256f91b2",
                "sha256:31bbaba7218904d2eabecf4feec0d07469284e952a27400f23b6628439439fa7",
                "sha256:34d95638ff3613849f473afc33f65c401a89f3b9528d0d213c7037c398a51296",
                "sha256:352a88c3df0d1fa886562384b86f9a9e27563d4704ee0e9d56ec6fcd270ea690",
                "sha256:39b70a6f88eebe239fa775190796d55a33cfb6d36b9ffdd37843f7c4c1b5dc67",
                "sha256:3c66df3f41abee950d6638adc7eac4730a306b022570f71dd0bd6ba53503ab57",
                "sha256:3f70fd716855cd3b855316b226a1ac8bdb3caf4f7ea96edcccc6f484217c9597",
                "sha256:3f9bc2ce123637a60ebe819f9fccc614da1bcc05798bbbaf2dd4ec91f3e08846",
                "sha256:3fb765362688821404ad6cf86772fc54993ec11577cd5a92ac44b4c2ba52155b",
                "sha256:45f053a0ece92c734d874861ffe6e3cc92150e32136dd59ab1fb070575189c97",
                "sha256:46fb9970aa5eeca547d7aa0de5d4b124a288b42eaefac677bde805013c95725c",
                "sha256:4cb50a0335382aac15c31b61d8531bc9bb657cfd848b1d7158009472189f3d62",
                "sha256:4e12f8ee80aa35e746230a2af83e81bd6b52daa92a8afaef4fea4a2ce9b9f4fa",
                "sha256:4f3100d86dcd03c03f7e9c3fdb23d92e32abbca07e7c13ebd7ddfbcb06f5991f",
                "sha256:4f6e2a839f83a6a76854d12dbebde50e4b1afa63e27761549d006fa53e9aa80e",
                "sha256:4f861d94c2a450b974b86093c6c027888627b8082f1299dfd5a4bae8e2292821",
                "sha256:501adc5eb6cd5f40a6f77fbd90e5ab915c8fd6e8c614af2db5561e16c600d6f3",
                "sha256:520b7a142d2524f999447b3a0cf95115df81c4f33003c51a6ab637cbda9d0bf4",
                "sha256:548eefad783ed787b38cb6f9a574bd8664468cc76d1538215d510a3cd41406cb",
                "sha256:555fe186da0068d3354cdf4bbcbc609b0ecae4d04c921cc13e209eece7720727",
                "sha256:55602981b2dbf8184c098bc10287e8c245e351cd4fdcad050bd7199d5a8bf514",
                "sha256:58e875eb7016fd014c0eea46c6fa92b87b62c0cb31b9feae25cbbe62c919f54d",
                "sha256:5a3580a4fdc4ac05f9e53c57f965e3594b2f99796231380adb2baaab96e22761",
                "sha256:5b70bab78accbc672f50e878a5b73ca692f45f5b5e25c8066d748c09405e6a55",
                "sha256:5ceca5876032362ae73b83347be8b5dbd2d1faf3358deb38c9c88776779b2e2f",
                "sha256:61f1e3fb621f5420523abb71f5771a204b33c21d31e7d9d86881b2cffe92c47c",
                "sha256:633968254f8d421e70f91c6ebe71ed0ab140220469cf87a9857e21c16687c034",
                "sha256:63a6f59e2d01310f754c270e4a257426fe5a591dc487f1983b3bbe793cf6bac6",
                "sha256:63accd11149c0f9a99e3bc095bbdb5a464862d77a7e309ad5938fbc8721235ae",
                "sha256:6db3cfb9b4fcecb4390db154e75b49578c87a3b9979b40cdf90d7e4b945656e1",
                "sha256:71ef3b9be10070360f289aea4838c784f8b851be3ba58cf796262b57775c2f14",
                "sha256:7ae8e5142dcc7a49168f4055255dbcced01dc1714a90a21f87448dc8d90617d1",
                "sha256:7b6cefa579e1237ce198619b76eaa148b71894fb0d6bcf9024460f9bf30fd228",
                "sha256:800561453acdecedaac137bf09cd719c7a440b6800ec182f077bb8e7025fb708",
                "sha256:82ca51ff0fc5b641a2d4e1cc8c5ff108699b7a56d7f3ad6f6da9dbb6f0145b48",
                "sha256:851cf693fb3aaef71031237cd68699dded198657ec1e76a76eb8be58c03a5d1f",
                "sha256:854cc74367180beb327ab9d00f964f6d91da06450b0855cbbb09187bcdb02de5",
                "sha256:87071618d3d8ec8b186d53cb6e66955ef2a0e4fa63ccd3709c0c90ac5a43520f",
                "sha256:871d045d6ccc181fd863a3cd66ee8e395523ebfbc57f85f91f035f50cee8e3d4",
                "sha256:8aee051c89e13565c6bd366813c386939f8e928af93c29fda4af86d25b73d8f8",
                "sha256:8af5a8917b8af42295e86b64903156b4f110a30dca5f3b5aedea123fbd638bff",
                "sha256:8ec8ef42c6cd5856a7613dcd1eaf21e5573b2185263d87d27c8edcae33b62a61",
                "sha256:91e43805ccafa0a91831f9cd5443aa34528c0c3f2cc48c4cb3d9a7721053874b",
                "sha256:9505dc359edb6a330efcd2be825fdb73ee3e628d9010597aa1aee5aa63442e97",
                "sha256:985c7965f62f6f32bf432e2681173db41336a9c2611693247069288bcb0c7f8b",
                "sha256:9a74041ba0bfa9bc9b9bb2cd3238a6ab3b7618e759b41bd15b5f6ad958d17605",
                "sha256:9edbe6a5bf8b56a4a84533ba2b2f489d0046e755c29616ef8830f9e7d9cf5728",
                "sha256:a15c1fe6d26e83fd2e5972425a772cca158eae58b05d4a25a4e474c221053e2d",
                "sha256:a66bcdf19c1a523e41b8e9d53d0cedbfbac2e93c649a2e9502cb26c014d0980c",
                "sha256:ae4070f741f8d809075ef697877fd350ecf0b7c5837ed68738607ee0a2c572cf",
                "sha256:ae55d592b02c4349525b6ed8f74c692509e5adffa842e582c0f861751701a673",
                "sha256:b578cbe580e3b41ad17b1c428f382c814b32a6ce90f2d8e39e2e635d49e498d1",
                "sha256:b891a2f68e09c5ef989007fac11476ed33c5c9994449a4e2c3386529d703dc8b",
                "sha256:baec8148d6b8bd5cee1ae138ba658c71f5b03e0d69d5907703e3e1df96db5e41",
                "sha256:bb06098d019766ca16fc915ecaa455c1f1cd594204e7f840cd6258237b5079a8",
                "sha256:bc791ec3fd0c4309a753f95bb6c749ef0d8ea3aea91f07ee1cf06b7b02118f2f",
                "sha256:bd28b31730f0e982ace8663d108e01199098432a30a4c410d06fe08fdb9e93f4",
                "sha256:be4d9c2770044a59715eb57c1144dedea7c5d5ae80c68fb9959515037cde2008",
                "sha256:c0c72d34e7de5604df0fde3644cc079feee5e55464967d10b24b1de268deceb9",
                "sha256:c0e842112fe3f1a4ffcf64b06dc4c61a88441c2f02f373367f7b4c1aa9be2ad5",
                "sha256:c15070ebf11b8b7fd1bfff7217e9324963c82dbdf6182ff7050519e350e7ad9f",
                "sha256:c2000c54c395d9e5e44c99dc7c20a64dc371f777faf8bae4919ad3e99ce5253e",
                "sha256:c30187840d36d0ba2893bc3271a36a517a717f9fd383a98e2697ee890a37c273",
                "sha256:cb7cd68814308aade9d0c93c5bd2ade9f9441666f8ba5aa9c2d4b389cb5e2a45",
                "sha256:cd805513198304026bd379d1d516afbf6c3c13f4382134a2c526b8b854da1c2e",
                "sha256:d0bf89afcbcf4d1bb2652f6580e5e55a840fdf87384f6063c4a4f0c95e378656",
                "sha256:d9137a876020661972ca6eec0766d81aef8a5627df628b664b234b73396e727e",
                "sha256:dbd95e300367aa0827496fe75a1766d198d34385a58f97683fe6e07f89ca3e3c",
                "sha256:dced27917823df984fe0c80a5c4ad75cf58df0fbfae890bc08004cd3888922a2",
                "sha256:de0b4caa1c8a21394e8ce971997614a17648f94e1cd0640fbd6b4d14cab13a72",
                "sha256:debb633f3f7856f95ad957d9b9c781f8e2c6303ef21724ec94bea2ce2fcbd056",
                "sha256:e372d7dfd154009142631de2d316adad3cc1c36c32a38b16a4751ba78da2a397",
                "sha256:ecd26be9f112c4f96718290c10f4caea6cc798459a3a76636b817a0ed7874e42",
                "sha256:edc0202099ea1d82844316604e17d2b175044f9bcb6b398aab781eba957224bd",
                "sha256:f194cce575e59ffe442c10a360182a986535fd90b57f7debfaa5c845c409ecc3",
                "sha256:f5fb672c396d826ca16a022ac04c9dce74e00a1c344f6ad1a0fdc1ba1f332213",
                "sha256:f6a02a3c7950cafaadcd46a226ad9e12fc9744652cc69f9e5534f98b47f3bbcf",
                "sha256:fe81b35c33772e56f4b6cf62cf4aedc1762ef7162a31e6ac7fe5e40d0149eb67"
            ],
            "markers": "python_full_version >= '3.7.0'",
            "version": "==3.3.1"
        },
        "cython": {
            "hashes": [
                "sha256:01b94304aab87496e81d1f546e71abf57b430b39be4269df1cd7da9928d70b5b",
                "sha256:0c636c9ab92c7838231a1ba769e519d953af8294612f3f772a54d3a5250ff23f",
                "sha256:0d8a98c7d86ac4d05b251c39faf49423780381aab55fbf2e147f6e006a34a58a",
                "sha256:13211b67b29f6ed8e87c137496c73d93aff0330d97940b4fbed72eae37a4a2a0",
                "sha256:133057ac45b6fa7fe5d7baada9d3545d09339432f75c0545f556e8c6fecc2932",
                "sha256:167b3f3894dcc697cefefac1d198304fae8eb4d5860a7b8bc2459d572e838470",
                "sha256:225f8bba6428b8d711ca2d6c738d2e3a4667f6a2ae40f8a7a5256f69f6a3600e",
                "sha256:22d2a684122dfb531853d57c8c85c1d5d44be709e12466dca99fa6aee7d8054f",
                "sha256:23ceac5315fe899c229e874328742154e331fa41337bb03f6f5264636c351c9e",
                "sha256:2c67105f2c6ccf5b3adbcfaecf3c5c9fa8940f9f97955c9ad7d2542151d97d93",
                "sha256:30eb2d2938b9195e2c82951713429aff3ad1be9f104437d1536a04eb0cb3dc0e",
                "sha256:34d51709e10ad6213b4bf094af7be7ff82bab43216b3c92a07d05b451deeca79",
                "sha256:3a83e04fde663b84905f3a20213a4333d13a07b79434300704b70dc552761f8b",
                "sha256:3f02c7240abab48d59f0d5fef7064f18f01a2a204616165fa6367a8abf5a8832",
                "sha256:45319d2471f4dbf19893ca53785a421107266e18b8cccd2054fce1e3f72a85f1",
                "sha256:4e8bf00ec1dd1d92e9ae74d2e6891f087a939e1dfb40c9c7fa5d8d6a26c94f5a",
                "sha256:51e8164b1270625ff101e95c3c1c234421520c07a0a3a20ded9e9431d98afce7",
                "sha256:539ad5a21141e6420035cf616bcba48d999bf878839e52692f97fc7e2f16265c",
                "sha256:55f93d3822bc196b37a8bdfa4ec6a35232a399e97f2baa714bd5ed8ea9b0ce68",
                "sha256:5e3a038332973b12e72236e8884dc99601a840334c2c46cfbbb5851cb94166eb",
                "sha256:612d83fd1eb5aaa5401a755c1f1aafacd9dab404cd350b90d5f404c98b33e4b3",
                "sha256:6a1859af761977530df2cd5c36e31d54e8d6708ad2c4656e7125c482364dc216",
                "sha256:79868ec74e4907a8a6e63effe13547c6157f196a162920b1de066da5849ffb8e",
                "sha256:79f20c61114c7948cf1214585066406cef4b54a9b935160980e0b6e70ada3a69",
                "sha256:7c8d579d13cb81abe704c8b0908d122b81d6e2623265a19c4a6a7377f440debb",
                "sha256:812b193c26553f1f375d4f1c50f805c227b24ed2d595bc9cdaf78c992ecc64a4",
                "sha256:816f5285d596062c7ef22790de7d75354b58d4417a9fc64cba914aeeb900db0b",
                "sha256:82f27a0134fc6bb46032ca5f728d8af984f3be94a3cb01cb70ff1224e551b9cf",
                "sha256:848a28ea49166454c3bff927e5a47629eecf1aa755d6fb3290569cba0fc93766",
                "sha256:861cf254bf5836d47c2aee86aa75dd93d3de00ccd1b077c3c7a2bb22cba358e7",
                "sha256:8ad7c2303a338b2c0b6c6c68f101a6768725934538756096cf3388a5c07a7525",
                "sha256:8ea936cf5931297ba07bce121388c4c6266c1b63a9f4d648ae16c92ff090204b",
                "sha256:931aade65f77cf59f2a702ac1f549a4836ce221107c740502cbad18d6d8e9511",
                "sha256:936ec37b261b226d7404eff23a9aad284098338150d42a53d6a9af12b18d3892",
                "sha256:9fcd9a18ee3ac7f460e0841954feb495102ffbdbec0e6c78562f3495cda000dd",
                "sha256:b1853bc34ced5ff6473e881fcf6de29da83262552c8f268a0df53b49c2b89e2c",
                "sha256:b227643d8a40b68554dc7d37fcd03fc97b4fb0bd2614aeb5f2e07ab244642d36",
                "sha256:b65abca78aa5ebc8675c8480b9a53006f6efea9910ad099cf32c9fb5617ef251",
                "sha256:b9d0dae6dccd349b8ccf197c10ef2d05c711ca36a649c7eddbab1de2c90b63a1",
                "sha256:cd6ae43ef2e596c9a88dbf2a8895be2e32cc2f5bc3c8ba2e7753b69068fc0b2d",
                "sha256:e13abb14843397b76d0472c7d33cd260d5f262ab05cc27ed423317e645e29643",
                "sha256:e1bdf8a107fdf9e174991aa87a0be7504f60de1ec6bfb1ccfb30e33acac818a0",
                "sha256:e34b4b08d795ccca920fa26b099558f4f1e4e3f794e4ba8d3433c5bc2454d50a",
                "sha256:e3c0e19bb41de6be9d8afc85795159ca16296be81a586cd9588be0400d44a855",
                "sha256:ef5bb0268bfe5992da3ef9292463a5a895ed8700b134ed2c00008d5471b3ba6e",
                "sha256:f2602a5c97a3d618b3b847514204ef3349fb414c59e1126c0c2c708d2c5680f8",
                "sha256:f3845c4506e0d207c5e268fb02813928f3a1e135de954a379f165ef0d581da47",
                "sha256:f674be92673e87dd8ee7cfe553d5960ec4effc5ab15063b9a5e265a51585a31a",
                "sha256:f6d8ff62ad55dc0393686438eac4b457a916e4d1118a0b550746bb52b4c756cc",
                "sha256:fb299acf3a578573c190c858d49e0cf9d75f4bc49c3f24c5a63804997ef09213",
                "sha256:fed25959e4025870fdde5f895fcb126196d22affd4f4fad85a2823e0dddc85b0"
            ],
            "index": "pypi",
            "markers": "python_version >= '2.7' and python_version not in '3.0, 3.1, 3.2, 3.3'",
            "version": "==3.0.7"
        },
        "distlib": {
            "hashes": [
                "sha256:2e24928bc811348f0feb63014e97aaae3037f2cf48712d51ae61df7fd6075057",
                "sha256:9dafe54b34a028eafd95039d5e5d4851a13734540f1331060d31c9916e7147a8"
            ],
            "version": "==0.3.7"
        },
        "docutils": {
            "hashes": [
                "sha256:96f387a2c5562db4476f09f13bbab2192e764cac08ebbf3a34a95d9b1e4a59d6",
                "sha256:f08a4e276c3a1583a86dce3e34aba3fe04d02bba2dd51ed16106244e8a923e3b"
            ],
            "markers": "python_version >= '3.7'",
            "version": "==0.20.1"
        },
        "ffpyplayer": {
            "hashes": [
                "sha256:003dae09ffe6ee053175e3c1b0b2066037cf69ba7f8989e5296fc710c5836ad9",
                "sha256:154783a6df5bf432962b12586f8dcaae0a0cfcac7fc221b00b00f4aec63fa5fb",
                "sha256:17656d43f3fe1cfc3b2fd45151ee2f8ab647fa74c58f2650d5891898ab014db5",
                "sha256:23bc75bc329bc292029af9e0b9a142a174e6ab63ac68035896343f8bd218b880",
                "sha256:2c7a037af7c4582c00cdf1dc5dc951f8cb963ea375366f52fcffaa0fd063ee86",
                "sha256:311a2b5c4ef3854d6bfe8af889603cd47ddf8c3e9ff175800b66b1f410aeb915",
                "sha256:36dbf4d15f7ecc874983bd23895ca143e0d11f38246bca31227716172a31d2c5",
                "sha256:45e65dd436b879fce4cee40253ff2e083ceec3630ff782ecd083f27a0d67e3f0",
                "sha256:499b7577499b9eb4b3e0b1462e7aa9fb7a94d11223a12ab7b92e2b34972da587",
                "sha256:4c916e82c176d45826f4c838636d2007017354959589ef3d6f7afc3cccdac504",
                "sha256:526853ad4a382d07c89abdddd882188c025a8fe1f4a9d7df81e52cf7973a0cec",
                "sha256:52b2c436934b4a3a64c2b14abc61a3f3a48193295bdfabf6000da8f05fc8bad1",
                "sha256:5bfc079ed4481fa0b182433e861e1b22e740e92568f88a9ffabc3c821f6e01b4",
                "sha256:6129d710c5ac4cfb302d6e1e64fc732175dc467e098fff52835f6efcfbb4d6ab",
                "sha256:648cd55b621d41a9bb931d0f2066a775dd2f0a26fcfebbe5df2b5c02555a7e83",
                "sha256:72aca90146d4276d89bd19a50d544ff2939260fd656a30c9b412598358d9fbc8",
                "sha256:74e82e41b1a955ac91b4e08191002acf9d944740f8ba60cb6ac967d739dc1794",
                "sha256:86920b16736d361b81f780ac8e1441f91966b5f1d1abe275981382c8cf8f0487",
                "sha256:a507da4d9be87e9025764d6b6c0dbae92af51053e02e76df23fe5b5ab3b142c2",
                "sha256:abcbc181fa8685cab0e1db47c51154d8c809dafff59c7d8a37f69a27840f3bd5",
                "sha256:b234b87f8872e7cb0fae5447422a36adbc331bab5a1552290e7bef29b2acf70b",
                "sha256:c2b76eee9dcd12fa67b04650d34c3eff5793f889de126867694f17f2553606bf",
                "sha256:d3a7baeb040891e67a71fd5969f5f56aa6114ac23a2997ac29fb6af145ba9377",
                "sha256:d55d54563fcf6c334505b45d4b64825f24fafb5acfa7a9e472c08e877f549069",
                "sha256:d719f663fe1aae0ee97c3fde0fbe626719523d6b5d51424bfdd89a36f159b936",
                "sha256:ee9851c69a4dca99c79587685689bcd1c8ffc5a371244847e28450982f68f347",
                "sha256:f629900b0b5717ef935380a8439327e8b1e73577252632acfb32d7367754499b",
                "sha256:ff2647873d959353ba2323295a08ea34544a2bab80cd9b4b872af5f94ee0e39b",
                "sha256:ff26d65dd6f4d9fde883aed1006e2818852c06d2deaec05fb796b37d2a1a0c16"
            ],
            "version": "==4.5.1"
        },
        "filelock": {
            "hashes": [
                "sha256:521f5f56c50f8426f5e03ad3b281b490a87ef15bc6c526f168290f0c7148d44e",
                "sha256:57dbda9b35157b05fb3e58ee91448612eb674172fab98ee235ccb0b5bee19a1c"
            ],
            "markers": "python_version >= '3.8'",
            "version": "==3.13.1"
        },
        "idna": {
            "hashes": [
                "sha256:814f528e8dead7d329833b91c5faa87d60bf71824cd12a7530b5526063d02cb4",
                "sha256:90b77e79eaa3eba6de819a0c442c0b4ceefc341a7a2ab77d7562bf49f425c5c2"
            ],
            "markers": "python_version >= '3.5'",
            "version": "==3.4"
        },
        "kivy": {
            "extras": [
                "full"
            ],
            "hashes": [
                "sha256:0454ad509b83f5ee04dd7bb46682f077adcde99d86c206127f2dd57aedd28f5b",
                "sha256:0456359afe01a94d39bb29ce8a8dd9d9dcd86cec6532f17bffb0725647a8d63a",
                "sha256:047a434e8efd32d425321e065fcccf725f165adb0c81ed69dc33c360d4796f7e",
                "sha256:0e8370d529548d360803424f803231ed8ad19c7f4c351aa893fe9d39bcc940fc",
                "sha256:0eb5de5ffea53a341790ff7ba4d3cea60d37523f0766a4783692e2aa1d50670e",
                "sha256:19cd0b0b40046d6233f0a30c8003e1ffe5a135b96ae50a5442bd62ef9d9c6744",
                "sha256:35eb3025a77894380196d5d64852da6c539e72aa2ff4970011385eb7a70c46e0",
                "sha256:37874a7a2a9983ae494910578e2e6a4aba1568b35f915b014d85f779b5add8b9",
                "sha256:42a5e292f232a67bc67dfa91a205aed472dc4df7329ce059c74a88031c652efa",
                "sha256:4915e931cb26efa016956b16a0d04bcc8eb89abcb2734ed718786c30241795bb",
                "sha256:564705e8fbd788dce22dae8dfe0488be705e14381fa59d6bdfa3df5255446429",
                "sha256:5aa8a0ca0708dd6edb0127c91712db7b8aad3aea3a79d498df145b8a7ee0aee6",
                "sha256:6b89bc5add63bf83fd1b026ec4d492ea9c90067b30652c14afe97cd4c30a2b5a",
                "sha256:7eeda699fe764c5efa2cc43e0ef28275be2a56ccd8af17933b6e2457d66d5b0d",
                "sha256:97442522fb58ebf4038f3c57a795046e00a23f7c4dc0775b282af9aff845732a",
                "sha256:9f19ed8efaea7c880ab6342269c41ac47989812cbd036a524abc49ba9923487f",
                "sha256:a6b47a8b5b47d091ac4604635edef7522ddfb9cf47b3f258cccd8ffbf094b429",
                "sha256:a7b8c8725cd1b3575b95f8f8b5d6f804e096af8958156450bb876821fbb2ce37",
                "sha256:af45f433208c16a4d0e755fafac5f2238560880a475a8a041ca9d99695a6b166",
                "sha256:b7bfbc97f66d50d71bcbc5c254e74386d94d7a1fb051448fbc1ba6742c1d1d21",
                "sha256:c932fa9a8ade002ec4468c416bedda4188cda53721be84e4086b278c3b00c654",
                "sha256:d1e9cf59dc3875c943c89d3668a73235c96f4c03680c4691416ccc5d1c7f50f0",
                "sha256:d78a8d92565c6309bb1edc9a0c99883630adc0503dba25f3eb8b667ceb736395",
                "sha256:e317a710e0be3083901d29457fa8a203c14a71b7cef8008e3cdc7d1eb8e4d7c5",
                "sha256:e3df4f6230f4b125c78b1dd923f714e93341afda5b55ae9795df2d6b2c5dbc4d",
                "sha256:f3dcfdce8403dc3df7a8b1a7d424c0939d41bc48a0b627403b685931a609a7ec"
            ],
            "markers": "python_version >= '3.7'",
            "version": "==2.2.1"
        },
        "kivy-garden": {
            "hashes": [
                "sha256:2b8377378e87501d5d271f33d94f0e44c089884572c64f89c9d609b1f86a2748",
                "sha256:ef50f44b96358cf10ac5665f27a4751bb34ef54051c54b93af891f80afe42929"
            ],
            "version": "==0.1.5"
        },
        "pexpect": {
            "hashes": [
                "sha256:0b48a55dcb3c05f3329815901ea4fc1537514d6ba867a152b581d69ae3710937",
                "sha256:fc65a43959d153d0114afe13997d439c22823a27cefceb5ff35c2178c6784c0c"
            ],
            "version": "==4.8.0"
        },
        "pillow": {
            "hashes": [
                "sha256:00f438bb841382b15d7deb9a05cc946ee0f2c352653c7aa659e75e592f6fa17d",
                "sha256:0248f86b3ea061e67817c47ecbe82c23f9dd5d5226200eb9090b3873d3ca32de",
                "sha256:04f6f6149f266a100374ca3cc368b67fb27c4af9f1cc8cb6306d849dcdf12616",
                "sha256:062a1610e3bc258bff2328ec43f34244fcec972ee0717200cb1425214fe5b839",
                "sha256:0a026c188be3b443916179f5d04548092e253beb0c3e2ee0a4e2cdad72f66099",
                "sha256:0f7c276c05a9767e877a0b4c5050c8bee6a6d960d7f0c11ebda6b99746068c2a",
                "sha256:1a8413794b4ad9719346cd9306118450b7b00d9a15846451549314a58ac42219",
                "sha256:1ab05f3db77e98f93964697c8efc49c7954b08dd61cff526b7f2531a22410106",
                "sha256:1c3ac5423c8c1da5928aa12c6e258921956757d976405e9467c5f39d1d577a4b",
                "sha256:1c41d960babf951e01a49c9746f92c5a7e0d939d1652d7ba30f6b3090f27e412",
                "sha256:1fafabe50a6977ac70dfe829b2d5735fd54e190ab55259ec8aea4aaea412fa0b",
                "sha256:1fb29c07478e6c06a46b867e43b0bcdb241b44cc52be9bc25ce5944eed4648e7",
                "sha256:24fadc71218ad2b8ffe437b54876c9382b4a29e030a05a9879f615091f42ffc2",
                "sha256:2cdc65a46e74514ce742c2013cd4a2d12e8553e3a2563c64879f7c7e4d28bce7",
                "sha256:2ef6721c97894a7aa77723740a09547197533146fba8355e86d6d9a4a1056b14",
                "sha256:3b834f4b16173e5b92ab6566f0473bfb09f939ba14b23b8da1f54fa63e4b623f",
                "sha256:3d929a19f5469b3f4df33a3df2983db070ebb2088a1e145e18facbc28cae5b27",
                "sha256:41f67248d92a5e0a2076d3517d8d4b1e41a97e2df10eb8f93106c89107f38b57",
                "sha256:47e5bf85b80abc03be7455c95b6d6e4896a62f6541c1f2ce77a7d2bb832af262",
                "sha256:4d0152565c6aa6ebbfb1e5d8624140a440f2b99bf7afaafbdbf6430426497f28",
                "sha256:50d08cd0a2ecd2a8657bd3d82c71efd5a58edb04d9308185d66c3a5a5bed9610",
                "sha256:61f1a9d247317fa08a308daaa8ee7b3f760ab1809ca2da14ecc88ae4257d6172",
                "sha256:6932a7652464746fcb484f7fc3618e6503d2066d853f68a4bd97193a3996e273",
                "sha256:7a7e3daa202beb61821c06d2517428e8e7c1aab08943e92ec9e5755c2fc9ba5e",
                "sha256:7dbaa3c7de82ef37e7708521be41db5565004258ca76945ad74a8e998c30af8d",
                "sha256:7df5608bc38bd37ef585ae9c38c9cd46d7c81498f086915b0f97255ea60c2818",
                "sha256:806abdd8249ba3953c33742506fe414880bad78ac25cc9a9b1c6ae97bedd573f",
                "sha256:883f216eac8712b83a63f41b76ddfb7b2afab1b74abbb413c5df6680f071a6b9",
                "sha256:912e3812a1dbbc834da2b32299b124b5ddcb664ed354916fd1ed6f193f0e2d01",
                "sha256:937bdc5a7f5343d1c97dc98149a0be7eb9704e937fe3dc7140e229ae4fc572a7",
                "sha256:9882a7451c680c12f232a422730f986a1fcd808da0fd428f08b671237237d651",
                "sha256:9a92109192b360634a4489c0c756364c0c3a2992906752165ecb50544c251312",
                "sha256:9d7bc666bd8c5a4225e7ac71f2f9d12466ec555e89092728ea0f5c0c2422ea80",
                "sha256:a5f63b5a68daedc54c7c3464508d8c12075e56dcfbd42f8c1bf40169061ae666",
                "sha256:a646e48de237d860c36e0db37ecaecaa3619e6f3e9d5319e527ccbc8151df061",
                "sha256:a89b8312d51715b510a4fe9fc13686283f376cfd5abca8cd1c65e4c76e21081b",
                "sha256:a92386125e9ee90381c3369f57a2a50fa9e6aa8b1cf1d9c4b200d41a7dd8e992",
                "sha256:ae88931f93214777c7a3aa0a8f92a683f83ecde27f65a45f95f22d289a69e593",
                "sha256:afc8eef765d948543a4775f00b7b8c079b3321d6b675dde0d02afa2ee23000b4",
                "sha256:b0eb01ca85b2361b09480784a7931fc648ed8b7836f01fb9241141b968feb1db",
                "sha256:b1c25762197144e211efb5f4e8ad656f36c8d214d390585d1d21281f46d556ba",
                "sha256:b4005fee46ed9be0b8fb42be0c20e79411533d1fd58edabebc0dd24626882cfd",
                "sha256:b920e4d028f6442bea9a75b7491c063f0b9a3972520731ed26c83e254302eb1e",
                "sha256:baada14941c83079bf84c037e2d8b7506ce201e92e3d2fa0d1303507a8538212",
                "sha256:bb40c011447712d2e19cc261c82655f75f32cb724788df315ed992a4d65696bb",
                "sha256:c0949b55eb607898e28eaccb525ab104b2d86542a85c74baf3a6dc24002edec2",
                "sha256:c9aeea7b63edb7884b031a35305629a7593272b54f429a9869a4f63a1bf04c34",
                "sha256:cfe96560c6ce2f4c07d6647af2d0f3c54cc33289894ebd88cfbb3bcd5391e256",
                "sha256:d27b5997bdd2eb9fb199982bb7eb6164db0426904020dc38c10203187ae2ff2f",
                "sha256:d921bc90b1defa55c9917ca6b6b71430e4286fc9e44c55ead78ca1a9f9eba5f2",
                "sha256:e6bf8de6c36ed96c86ea3b6e1d5273c53f46ef518a062464cd7ef5dd2cf92e38",
                "sha256:eaed6977fa73408b7b8a24e8b14e59e1668cfc0f4c40193ea7ced8e210adf996",
                "sha256:fa1d323703cfdac2036af05191b969b910d8f115cf53093125e4058f62012c9a",
                "sha256:fe1e26e1ffc38be097f0ba1d0d07fcade2bcfd1d023cda5b29935ae8052bd793"
            ],
            "version": "==10.1.0"
        },
        "platformdirs": {
            "hashes": [
                "sha256:cf8ee52a3afdb965072dcc652433e0c7e3e40cf5ea1477cd4b3b1d2eb75495b3",
                "sha256:e9d171d00af68be50e9202731309c4e658fd8bc76f55c11c7dd760d023bda68e"
            ],
            "markers": "python_version >= '3.7'",
            "version": "==3.11.0"
        },
        "ptyprocess": {
            "hashes": [
                "sha256:4b41f3967fce3af57cc7e94b888626c18bf37a083e3651ca8feeb66d492fef35",
                "sha256:5c5d0a3b48ceee0b48485e0c26037c0acd7d29765ca3fbb5cb3831d347423220"
            ],
            "version": "==0.7.0"
        },
        "pygments": {
            "hashes": [
                "sha256:13fc09fa63bc8d8671a6d247e1eb303c4b343eaee81d861f3404db2935653692",
                "sha256:1daff0494820c69bc8941e407aa20f577374ee88364ee10a98fdbe0aece96e29"
            ],
            "markers": "python_version >= '3.7'",
            "version": "==2.16.1"
        },
        "requests": {
            "hashes": [
                "sha256:58cd2187c01e70e6e26505bca751777aa9f2ee0b7f4300988b709f44e013003f",
                "sha256:942c5a758f98d790eaed1a29cb6eefc7ffb0d1cf7af05c3d2791656dbd6ad1e1"
            ],
            "markers": "python_version >= '3.7'",
            "version": "==2.31.0"
        },
        "sh": {
            "hashes": [
                "sha256:9b2998f313f201c777e2c0061f0b1367497097ef13388595be147e2a00bf7ba1",
                "sha256:ced8f2e081a858b66a46ace3703dec243779abbd5a1887ba7e3c34f34da70cd2"
            ],
            "markers": "python_version < '4.0' and python_full_version >= '3.8.1'",
            "version": "==2.0.6"
        },
        "urllib3": {
            "hashes": [
                "sha256:c97dfde1f7bd43a71c8d2a58e369e9b2bf692d1334ea9f9cae55add7d0dd0f84",
                "sha256:fdb6d215c776278489906c2f8916e6e7d4f5a9b602ccbcfdf7f016fc8da0596e"
            ],
            "markers": "python_version >= '3.7'",
            "version": "==2.0.7"
        },
        "virtualenv": {
            "hashes": [
                "sha256:02ece4f56fbf939dbbc33c0715159951d6bf14aaf5457b092e4548e1382455af",
                "sha256:520d056652454c5098a00c0f073611ccbea4c79089331f60bf9d7ba247bb7381"
            ],
            "markers": "python_version >= '3.7'",
            "version": "==20.24.6"
        }
    },
    "develop": {}
}
