# This file is automatically @generated by Poetry 1.7.1 and should not be changed by hand.

[[package]]
name = "anyio"
version = "3.6.2"
description = "High level compatibility layer for multiple asynchronous event loop implementations"
optional = false
python-versions = ">=3.6.2"
files = [
    {file = "anyio-3.6.2-py3-none-any.whl", hash = "sha256:fbbe32bd270d2a2ef3ed1c5d45041250284e31fc0a4df4a5a6071842051a51e3"},
    {file = "anyio-3.6.2.tar.gz", hash = "sha256:25ea0d673ae30af41a0c442f81cf3b38c7e79fdc7b60335a4c14e05eb0947421"},
]

[package.dependencies]
idna = ">=2.8"
sniffio = ">=1.1"

[package.extras]
doc = ["packaging", "sphinx-autodoc-typehints (>=1.2.0)", "sphinx-rtd-theme"]
test = ["contextlib2", "coverage[toml] (>=4.5)", "hypothesis (>=4.0)", "mock (>=4)", "pytest (>=7.0)", "pytest-mock (>=3.6.1)", "trustme", "uvloop (<0.15)", "uvloop (>=0.15)"]
trio = ["trio (>=0.16,<0.22)"]

[[package]]
name = "async-timeout"
version = "4.0.2"
description = "Timeout context manager for asyncio programs"
optional = false
python-versions = ">=3.6"
files = [
    {file = "async-timeout-4.0.2.tar.gz", hash = "sha256:2163e1640ddb52b7a8c80d0a67a08587e5d245cc9c553a74a847056bc2976b15"},
    {file = "async_timeout-4.0.2-py3-none-any.whl", hash = "sha256:8ca1e4fcf50d07413d66d1a5e416e42cfdf5851c981d679a09851a6853383b3c"},
]

[[package]]
name = "attrs"
version = "22.2.0"
description = "Classes Without Boilerplate"
optional = false
python-versions = ">=3.6"
files = [
    {file = "attrs-22.2.0-py3-none-any.whl", hash = "sha256:29e95c7f6778868dbd49170f98f8818f78f3dc5e0e37c0b1f474e3561b240836"},
    {file = "attrs-22.2.0.tar.gz", hash = "sha256:c9227bfc2f01993c03f68db37d1d15c9690188323c067c641f1a35ca58185f99"},
]

[package.extras]
cov = ["attrs[tests]", "coverage-enable-subprocess", "coverage[toml] (>=5.3)"]
dev = ["attrs[docs,tests]"]
docs = ["furo", "myst-parser", "sphinx", "sphinx-notfound-page", "sphinxcontrib-towncrier", "towncrier", "zope.interface"]
tests = ["attrs[tests-no-zope]", "zope.interface"]
tests-no-zope = ["cloudpickle", "cloudpickle", "hypothesis", "hypothesis", "mypy (>=0.971,<0.990)", "mypy (>=0.971,<0.990)", "pympler", "pympler", "pytest (>=4.3.0)", "pytest (>=4.3.0)", "pytest-mypy-plugins", "pytest-mypy-plugins", "pytest-xdist[psutil]", "pytest-xdist[psutil]"]

[[package]]
name = "bing-image-downloader"
version = "1.1.2"
description = "Python library to download bulk images from Bing.com"
optional = false
python-versions = "*"
files = [
    {file = "bing_image_downloader-1.1.2-py3-none-any.whl", hash = "sha256:3b912f81d3bea1861a395fe2a6111f6d14654085abc3dc7467fbb57fd040f676"},
    {file = "bing_image_downloader-1.1.2.tar.gz", hash = "sha256:bdc207ae5b036869ab42ca9d95d8f4b515c1e47e3ae0108b83a407e85eb36f7d"},
]

[[package]]
name = "black"
version = "23.12.0"
description = "The uncompromising code formatter."
optional = false
python-versions = ">=3.8"
files = [
    {file = "black-23.12.0-cp310-cp310-macosx_10_9_x86_64.whl", hash = "sha256:67f19562d367468ab59bd6c36a72b2c84bc2f16b59788690e02bbcb140a77175"},
    {file = "black-23.12.0-cp310-cp310-macosx_11_0_arm64.whl", hash = "sha256:bbd75d9f28a7283b7426160ca21c5bd640ca7cd8ef6630b4754b6df9e2da8462"},
    {file = "black-23.12.0-cp310-cp310-manylinux_2_17_x86_64.manylinux2014_x86_64.whl", hash = "sha256:593596f699ca2dcbbbdfa59fcda7d8ad6604370c10228223cd6cf6ce1ce7ed7e"},
    {file = "black-23.12.0-cp310-cp310-win_amd64.whl", hash = "sha256:12d5f10cce8dc27202e9a252acd1c9a426c83f95496c959406c96b785a92bb7d"},
    {file = "black-23.12.0-cp311-cp311-macosx_10_9_x86_64.whl", hash = "sha256:e73c5e3d37e5a3513d16b33305713237a234396ae56769b839d7c40759b8a41c"},
    {file = "black-23.12.0-cp311-cp311-macosx_11_0_arm64.whl", hash = "sha256:ba09cae1657c4f8a8c9ff6cfd4a6baaf915bb4ef7d03acffe6a2f6585fa1bd01"},
    {file = "black-23.12.0-cp311-cp311-manylinux_2_17_x86_64.manylinux2014_x86_64.whl", hash = "sha256:ace64c1a349c162d6da3cef91e3b0e78c4fc596ffde9413efa0525456148873d"},
    {file = "black-23.12.0-cp311-cp311-win_amd64.whl", hash = "sha256:72db37a2266b16d256b3ea88b9affcdd5c41a74db551ec3dd4609a59c17d25bf"},
    {file = "black-23.12.0-cp312-cp312-macosx_10_9_x86_64.whl", hash = "sha256:fdf6f23c83078a6c8da2442f4d4eeb19c28ac2a6416da7671b72f0295c4a697b"},
    {file = "black-23.12.0-cp312-cp312-macosx_11_0_arm64.whl", hash = "sha256:39dda060b9b395a6b7bf9c5db28ac87b3c3f48d4fdff470fa8a94ab8271da47e"},
    {file = "black-23.12.0-cp312-cp312-manylinux_2_17_x86_64.manylinux2014_x86_64.whl", hash = "sha256:7231670266ca5191a76cb838185d9be59cfa4f5dd401b7c1c70b993c58f6b1b5"},
    {file = "black-23.12.0-cp312-cp312-win_amd64.whl", hash = "sha256:193946e634e80bfb3aec41830f5d7431f8dd5b20d11d89be14b84a97c6b8bc75"},
    {file = "black-23.12.0-cp38-cp38-macosx_10_9_x86_64.whl", hash = "sha256:bcf91b01ddd91a2fed9a8006d7baa94ccefe7e518556470cf40213bd3d44bbbc"},
    {file = "black-23.12.0-cp38-cp38-macosx_11_0_arm64.whl", hash = "sha256:996650a89fe5892714ea4ea87bc45e41a59a1e01675c42c433a35b490e5aa3f0"},
    {file = "black-23.12.0-cp38-cp38-manylinux_2_17_x86_64.manylinux2014_x86_64.whl", hash = "sha256:bdbff34c487239a63d86db0c9385b27cdd68b1bfa4e706aa74bb94a435403672"},
    {file = "black-23.12.0-cp38-cp38-win_amd64.whl", hash = "sha256:97af22278043a6a1272daca10a6f4d36c04dfa77e61cbaaf4482e08f3640e9f0"},
    {file = "black-23.12.0-cp39-cp39-macosx_10_9_x86_64.whl", hash = "sha256:ead25c273adfad1095a8ad32afdb8304933efba56e3c1d31b0fee4143a1e424a"},
    {file = "black-23.12.0-cp39-cp39-macosx_11_0_arm64.whl", hash = "sha256:c71048345bdbced456cddf1622832276d98a710196b842407840ae8055ade6ee"},
    {file = "black-23.12.0-cp39-cp39-manylinux_2_17_x86_64.manylinux2014_x86_64.whl", hash = "sha256:81a832b6e00eef2c13b3239d514ea3b7d5cc3eaa03d0474eedcbbda59441ba5d"},
    {file = "black-23.12.0-cp39-cp39-win_amd64.whl", hash = "sha256:6a82a711d13e61840fb11a6dfecc7287f2424f1ca34765e70c909a35ffa7fb95"},
    {file = "black-23.12.0-py3-none-any.whl", hash = "sha256:a7c07db8200b5315dc07e331dda4d889a56f6bf4db6a9c2a526fa3166a81614f"},
    {file = "black-23.12.0.tar.gz", hash = "sha256:330a327b422aca0634ecd115985c1c7fd7bdb5b5a2ef8aa9888a82e2ebe9437a"},
]

[package.dependencies]
click = ">=8.0.0"
mypy-extensions = ">=0.4.3"
packaging = ">=22.0"
pathspec = ">=0.9.0"
platformdirs = ">=2"
tomli = {version = ">=1.1.0", markers = "python_version < \"3.11\""}
typing-extensions = {version = ">=4.0.1", markers = "python_version < \"3.11\""}

[package.extras]
colorama = ["colorama (>=0.4.3)"]
d = ["aiohttp (>=3.7.4)", "aiohttp (>=3.7.4,!=3.9.0)"]
jupyter = ["ipython (>=7.8.0)", "tokenize-rt (>=3.2.0)"]
uvloop = ["uvloop (>=0.15.2)"]

[[package]]
name = "cattrs"
version = "22.2.0"
description = "Composable complex class support for attrs and dataclasses."
optional = false
python-versions = ">=3.7"
files = [
    {file = "cattrs-22.2.0-py3-none-any.whl", hash = "sha256:bc12b1f0d000b9f9bee83335887d532a1d3e99a833d1bf0882151c97d3e68c21"},
    {file = "cattrs-22.2.0.tar.gz", hash = "sha256:f0eed5642399423cf656e7b66ce92cdc5b963ecafd041d1b24d136fdde7acf6d"},
]

[package.dependencies]
attrs = ">=20"
exceptiongroup = {version = "*", markers = "python_version < \"3.11\""}

[[package]]
name = "certifi"
version = "2023.7.22"
description = "Python package for providing Mozilla's CA Bundle."
optional = false
python-versions = ">=3.6"
files = [
    {file = "certifi-2023.7.22-py3-none-any.whl", hash = "sha256:92d6037539857d8206b8f6ae472e8b77db8058fec5937a1ef3f54304089edbb9"},
    {file = "certifi-2023.7.22.tar.gz", hash = "sha256:539cc1d13202e33ca466e88b2807e29f4c13049d6d87031a3c110744495cb082"},
]

[[package]]
name = "charset-normalizer"
version = "3.1.0"
description = "The Real First Universal Charset Detector. Open, modern and actively maintained alternative to Chardet."
optional = false
python-versions = ">=3.7.0"
files = [
    {file = "charset-normalizer-3.1.0.tar.gz", hash = "sha256:34e0a2f9c370eb95597aae63bf85eb5e96826d81e3dcf88b8886012906f509b5"},
    {file = "charset_normalizer-3.1.0-cp310-cp310-macosx_10_9_universal2.whl", hash = "sha256:e0ac8959c929593fee38da1c2b64ee9778733cdf03c482c9ff1d508b6b593b2b"},
    {file = "charset_normalizer-3.1.0-cp310-cp310-macosx_10_9_x86_64.whl", hash = "sha256:d7fc3fca01da18fbabe4625d64bb612b533533ed10045a2ac3dd194bfa656b60"},
    {file = "charset_normalizer-3.1.0-cp310-cp310-macosx_11_0_arm64.whl", hash = "sha256:04eefcee095f58eaabe6dc3cc2262f3bcd776d2c67005880894f447b3f2cb9c1"},
    {file = "charset_normalizer-3.1.0-cp310-cp310-manylinux_2_17_aarch64.manylinux2014_aarch64.whl", hash = "sha256:20064ead0717cf9a73a6d1e779b23d149b53daf971169289ed2ed43a71e8d3b0"},
    {file = "charset_normalizer-3.1.0-cp310-cp310-manylinux_2_17_ppc64le.manylinux2014_ppc64le.whl", hash = "sha256:1435ae15108b1cb6fffbcea2af3d468683b7afed0169ad718451f8db5d1aff6f"},
    {file = "charset_normalizer-3.1.0-cp310-cp310-manylinux_2_17_s390x.manylinux2014_s390x.whl", hash = "sha256:c84132a54c750fda57729d1e2599bb598f5fa0344085dbde5003ba429a4798c0"},
    {file = "charset_normalizer-3.1.0-cp310-cp310-manylinux_2_17_x86_64.manylinux2014_x86_64.whl", hash = "sha256:75f2568b4189dda1c567339b48cba4ac7384accb9c2a7ed655cd86b04055c795"},
    {file = "charset_normalizer-3.1.0-cp310-cp310-manylinux_2_5_i686.manylinux1_i686.manylinux_2_17_i686.manylinux2014_i686.whl", hash = "sha256:11d3bcb7be35e7b1bba2c23beedac81ee893ac9871d0ba79effc7fc01167db6c"},
    {file = "charset_normalizer-3.1.0-cp310-cp310-musllinux_1_1_aarch64.whl", hash = "sha256:891cf9b48776b5c61c700b55a598621fdb7b1e301a550365571e9624f270c203"},
    {file = "charset_normalizer-3.1.0-cp310-cp310-musllinux_1_1_i686.whl", hash = "sha256:5f008525e02908b20e04707a4f704cd286d94718f48bb33edddc7d7b584dddc1"},
    {file = "charset_normalizer-3.1.0-cp310-cp310-musllinux_1_1_ppc64le.whl", hash = "sha256:b06f0d3bf045158d2fb8837c5785fe9ff9b8c93358be64461a1089f5da983137"},
    {file = "charset_normalizer-3.1.0-cp310-cp310-musllinux_1_1_s390x.whl", hash = "sha256:49919f8400b5e49e961f320c735388ee686a62327e773fa5b3ce6721f7e785ce"},
    {file = "charset_normalizer-3.1.0-cp310-cp310-musllinux_1_1_x86_64.whl", hash = "sha256:22908891a380d50738e1f978667536f6c6b526a2064156203d418f4856d6e86a"},
    {file = "charset_normalizer-3.1.0-cp310-cp310-win32.whl", hash = "sha256:12d1a39aa6b8c6f6248bb54550efcc1c38ce0d8096a146638fd4738e42284448"},
    {file = "charset_normalizer-3.1.0-cp310-cp310-win_amd64.whl", hash = "sha256:65ed923f84a6844de5fd29726b888e58c62820e0769b76565480e1fdc3d062f8"},
    {file = "charset_normalizer-3.1.0-cp311-cp311-macosx_10_9_universal2.whl", hash = "sha256:9a3267620866c9d17b959a84dd0bd2d45719b817245e49371ead79ed4f710d19"},
    {file = "charset_normalizer-3.1.0-cp311-cp311-macosx_10_9_x86_64.whl", hash = "sha256:6734e606355834f13445b6adc38b53c0fd45f1a56a9ba06c2058f86893ae8017"},
    {file = "charset_normalizer-3.1.0-cp311-cp311-macosx_11_0_arm64.whl", hash = "sha256:f8303414c7b03f794347ad062c0516cee0e15f7a612abd0ce1e25caf6ceb47df"},
    {file = "charset_normalizer-3.1.0-cp311-cp311-manylinux_2_17_aarch64.manylinux2014_aarch64.whl", hash = "sha256:aaf53a6cebad0eae578f062c7d462155eada9c172bd8c4d250b8c1d8eb7f916a"},
    {file = "charset_normalizer-3.1.0-cp311-cp311-manylinux_2_17_ppc64le.manylinux2014_ppc64le.whl", hash = "sha256:3dc5b6a8ecfdc5748a7e429782598e4f17ef378e3e272eeb1340ea57c9109f41"},
    {file = "charset_normalizer-3.1.0-cp311-cp311-manylinux_2_17_s390x.manylinux2014_s390x.whl", hash = "sha256:e1b25e3ad6c909f398df8921780d6a3d120d8c09466720226fc621605b6f92b1"},
    {file = "charset_normalizer-3.1.0-cp311-cp311-manylinux_2_17_x86_64.manylinux2014_x86_64.whl", hash = "sha256:0ca564606d2caafb0abe6d1b5311c2649e8071eb241b2d64e75a0d0065107e62"},
    {file = "charset_normalizer-3.1.0-cp311-cp311-manylinux_2_5_i686.manylinux1_i686.manylinux_2_17_i686.manylinux2014_i686.whl", hash = "sha256:b82fab78e0b1329e183a65260581de4375f619167478dddab510c6c6fb04d9b6"},
    {file = "charset_normalizer-3.1.0-cp311-cp311-musllinux_1_1_aarch64.whl", hash = "sha256:bd7163182133c0c7701b25e604cf1611c0d87712e56e88e7ee5d72deab3e76b5"},
    {file = "charset_normalizer-3.1.0-cp311-cp311-musllinux_1_1_i686.whl", hash = "sha256:11d117e6c63e8f495412d37e7dc2e2fff09c34b2d09dbe2bee3c6229577818be"},
    {file = "charset_normalizer-3.1.0-cp311-cp311-musllinux_1_1_ppc64le.whl", hash = "sha256:cf6511efa4801b9b38dc5546d7547d5b5c6ef4b081c60b23e4d941d0eba9cbeb"},
    {file = "charset_normalizer-3.1.0-cp311-cp311-musllinux_1_1_s390x.whl", hash = "sha256:abc1185d79f47c0a7aaf7e2412a0eb2c03b724581139193d2d82b3ad8cbb00ac"},
    {file = "charset_normalizer-3.1.0-cp311-cp311-musllinux_1_1_x86_64.whl", hash = "sha256:cb7b2ab0188829593b9de646545175547a70d9a6e2b63bf2cd87a0a391599324"},
    {file = "charset_normalizer-3.1.0-cp311-cp311-win32.whl", hash = "sha256:c36bcbc0d5174a80d6cccf43a0ecaca44e81d25be4b7f90f0ed7bcfbb5a00909"},
    {file = "charset_normalizer-3.1.0-cp311-cp311-win_amd64.whl", hash = "sha256:cca4def576f47a09a943666b8f829606bcb17e2bc2d5911a46c8f8da45f56755"},
    {file = "charset_normalizer-3.1.0-cp37-cp37m-macosx_10_9_x86_64.whl", hash = "sha256:0c95f12b74681e9ae127728f7e5409cbbef9cd914d5896ef238cc779b8152373"},
    {file = "charset_normalizer-3.1.0-cp37-cp37m-manylinux_2_17_aarch64.manylinux2014_aarch64.whl", hash = "sha256:fca62a8301b605b954ad2e9c3666f9d97f63872aa4efcae5492baca2056b74ab"},
    {file = "charset_normalizer-3.1.0-cp37-cp37m-manylinux_2_17_ppc64le.manylinux2014_ppc64le.whl", hash = "sha256:ac0aa6cd53ab9a31d397f8303f92c42f534693528fafbdb997c82bae6e477ad9"},
    {file = "charset_normalizer-3.1.0-cp37-cp37m-manylinux_2_17_s390x.manylinux2014_s390x.whl", hash = "sha256:c3af8e0f07399d3176b179f2e2634c3ce9c1301379a6b8c9c9aeecd481da494f"},
    {file = "charset_normalizer-3.1.0-cp37-cp37m-manylinux_2_17_x86_64.manylinux2014_x86_64.whl", hash = "sha256:3a5fc78f9e3f501a1614a98f7c54d3969f3ad9bba8ba3d9b438c3bc5d047dd28"},
    {file = "charset_normalizer-3.1.0-cp37-cp37m-manylinux_2_5_i686.manylinux1_i686.manylinux_2_17_i686.manylinux2014_i686.whl", hash = "sha256:628c985afb2c7d27a4800bfb609e03985aaecb42f955049957814e0491d4006d"},
    {file = "charset_normalizer-3.1.0-cp37-cp37m-musllinux_1_1_aarch64.whl", hash = "sha256:74db0052d985cf37fa111828d0dd230776ac99c740e1a758ad99094be4f1803d"},
    {file = "charset_normalizer-3.1.0-cp37-cp37m-musllinux_1_1_i686.whl", hash = "sha256:1e8fcdd8f672a1c4fc8d0bd3a2b576b152d2a349782d1eb0f6b8e52e9954731d"},
    {file = "charset_normalizer-3.1.0-cp37-cp37m-musllinux_1_1_ppc64le.whl", hash = "sha256:04afa6387e2b282cf78ff3dbce20f0cc071c12dc8f685bd40960cc68644cfea6"},
    {file = "charset_normalizer-3.1.0-cp37-cp37m-musllinux_1_1_s390x.whl", hash = "sha256:dd5653e67b149503c68c4018bf07e42eeed6b4e956b24c00ccdf93ac79cdff84"},
    {file = "charset_normalizer-3.1.0-cp37-cp37m-musllinux_1_1_x86_64.whl", hash = "sha256:d2686f91611f9e17f4548dbf050e75b079bbc2a82be565832bc8ea9047b61c8c"},
    {file = "charset_normalizer-3.1.0-cp37-cp37m-win32.whl", hash = "sha256:4155b51ae05ed47199dc5b2a4e62abccb274cee6b01da5b895099b61b1982974"},
    {file = "charset_normalizer-3.1.0-cp37-cp37m-win_amd64.whl", hash = "sha256:322102cdf1ab682ecc7d9b1c5eed4ec59657a65e1c146a0da342b78f4112db23"},
    {file = "charset_normalizer-3.1.0-cp38-cp38-macosx_10_9_universal2.whl", hash = "sha256:e633940f28c1e913615fd624fcdd72fdba807bf53ea6925d6a588e84e1151531"},
    {file = "charset_normalizer-3.1.0-cp38-cp38-macosx_10_9_x86_64.whl", hash = "sha256:3a06f32c9634a8705f4ca9946d667609f52cf130d5548881401f1eb2c39b1e2c"},
    {file = "charset_normalizer-3.1.0-cp38-cp38-macosx_11_0_arm64.whl", hash = "sha256:7381c66e0561c5757ffe616af869b916c8b4e42b367ab29fedc98481d1e74e14"},
    {file = "charset_normalizer-3.1.0-cp38-cp38-manylinux_2_17_aarch64.manylinux2014_aarch64.whl", hash = "sha256:3573d376454d956553c356df45bb824262c397c6e26ce43e8203c4c540ee0acb"},
    {file = "charset_normalizer-3.1.0-cp38-cp38-manylinux_2_17_ppc64le.manylinux2014_ppc64le.whl", hash = "sha256:e89df2958e5159b811af9ff0f92614dabf4ff617c03a4c1c6ff53bf1c399e0e1"},
    {file = "charset_normalizer-3.1.0-cp38-cp38-manylinux_2_17_s390x.manylinux2014_s390x.whl", hash = "sha256:78cacd03e79d009d95635e7d6ff12c21eb89b894c354bd2b2ed0b4763373693b"},
    {file = "charset_normalizer-3.1.0-cp38-cp38-manylinux_2_17_x86_64.manylinux2014_x86_64.whl", hash = "sha256:de5695a6f1d8340b12a5d6d4484290ee74d61e467c39ff03b39e30df62cf83a0"},
    {file = "charset_normalizer-3.1.0-cp38-cp38-manylinux_2_5_i686.manylinux1_i686.manylinux_2_17_i686.manylinux2014_i686.whl", hash = "sha256:1c60b9c202d00052183c9be85e5eaf18a4ada0a47d188a83c8f5c5b23252f649"},
    {file = "charset_normalizer-3.1.0-cp38-cp38-musllinux_1_1_aarch64.whl", hash = "sha256:f645caaf0008bacf349875a974220f1f1da349c5dbe7c4ec93048cdc785a3326"},
    {file = "charset_normalizer-3.1.0-cp38-cp38-musllinux_1_1_i686.whl", hash = "sha256:ea9f9c6034ea2d93d9147818f17c2a0860d41b71c38b9ce4d55f21b6f9165a11"},
    {file = "charset_normalizer-3.1.0-cp38-cp38-musllinux_1_1_ppc64le.whl", hash = "sha256:80d1543d58bd3d6c271b66abf454d437a438dff01c3e62fdbcd68f2a11310d4b"},
    {file = "charset_normalizer-3.1.0-cp38-cp38-musllinux_1_1_s390x.whl", hash = "sha256:73dc03a6a7e30b7edc5b01b601e53e7fc924b04e1835e8e407c12c037e81adbd"},
    {file = "charset_normalizer-3.1.0-cp38-cp38-musllinux_1_1_x86_64.whl", hash = "sha256:6f5c2e7bc8a4bf7c426599765b1bd33217ec84023033672c1e9a8b35eaeaaaf8"},
    {file = "charset_normalizer-3.1.0-cp38-cp38-win32.whl", hash = "sha256:12a2b561af122e3d94cdb97fe6fb2bb2b82cef0cdca131646fdb940a1eda04f0"},
    {file = "charset_normalizer-3.1.0-cp38-cp38-win_amd64.whl", hash = "sha256:3160a0fd9754aab7d47f95a6b63ab355388d890163eb03b2d2b87ab0a30cfa59"},
    {file = "charset_normalizer-3.1.0-cp39-cp39-macosx_10_9_universal2.whl", hash = "sha256:38e812a197bf8e71a59fe55b757a84c1f946d0ac114acafaafaf21667a7e169e"},
    {file = "charset_normalizer-3.1.0-cp39-cp39-macosx_10_9_x86_64.whl", hash = "sha256:6baf0baf0d5d265fa7944feb9f7451cc316bfe30e8df1a61b1bb08577c554f31"},
    {file = "charset_normalizer-3.1.0-cp39-cp39-macosx_11_0_arm64.whl", hash = "sha256:8f25e17ab3039b05f762b0a55ae0b3632b2e073d9c8fc88e89aca31a6198e88f"},
    {file = "charset_normalizer-3.1.0-cp39-cp39-manylinux_2_17_aarch64.manylinux2014_aarch64.whl", hash = "sha256:3747443b6a904001473370d7810aa19c3a180ccd52a7157aacc264a5ac79265e"},
    {file = "charset_normalizer-3.1.0-cp39-cp39-manylinux_2_17_ppc64le.manylinux2014_ppc64le.whl", hash = "sha256:b116502087ce8a6b7a5f1814568ccbd0e9f6cfd99948aa59b0e241dc57cf739f"},
    {file = "charset_normalizer-3.1.0-cp39-cp39-manylinux_2_17_s390x.manylinux2014_s390x.whl", hash = "sha256:d16fd5252f883eb074ca55cb622bc0bee49b979ae4e8639fff6ca3ff44f9f854"},
    {file = "charset_normalizer-3.1.0-cp39-cp39-manylinux_2_17_x86_64.manylinux2014_x86_64.whl", hash = "sha256:21fa558996782fc226b529fdd2ed7866c2c6ec91cee82735c98a197fae39f706"},
    {file = "charset_normalizer-3.1.0-cp39-cp39-manylinux_2_5_i686.manylinux1_i686.manylinux_2_17_i686.manylinux2014_i686.whl", hash = "sha256:6f6c7a8a57e9405cad7485f4c9d3172ae486cfef1344b5ddd8e5239582d7355e"},
    {file = "charset_normalizer-3.1.0-cp39-cp39-musllinux_1_1_aarch64.whl", hash = "sha256:ac3775e3311661d4adace3697a52ac0bab17edd166087d493b52d4f4f553f9f0"},
    {file = "charset_normalizer-3.1.0-cp39-cp39-musllinux_1_1_i686.whl", hash = "sha256:10c93628d7497c81686e8e5e557aafa78f230cd9e77dd0c40032ef90c18f2230"},
    {file = "charset_normalizer-3.1.0-cp39-cp39-musllinux_1_1_ppc64le.whl", hash = "sha256:6f4f4668e1831850ebcc2fd0b1cd11721947b6dc7c00bf1c6bd3c929ae14f2c7"},
    {file = "charset_normalizer-3.1.0-cp39-cp39-musllinux_1_1_s390x.whl", hash = "sha256:0be65ccf618c1e7ac9b849c315cc2e8a8751d9cfdaa43027d4f6624bd587ab7e"},
    {file = "charset_normalizer-3.1.0-cp39-cp39-musllinux_1_1_x86_64.whl", hash = "sha256:53d0a3fa5f8af98a1e261de6a3943ca631c526635eb5817a87a59d9a57ebf48f"},
    {file = "charset_normalizer-3.1.0-cp39-cp39-win32.whl", hash = "sha256:a04f86f41a8916fe45ac5024ec477f41f886b3c435da2d4e3d2709b22ab02af1"},
    {file = "charset_normalizer-3.1.0-cp39-cp39-win_amd64.whl", hash = "sha256:830d2948a5ec37c386d3170c483063798d7879037492540f10a475e3fd6f244b"},
    {file = "charset_normalizer-3.1.0-py3-none-any.whl", hash = "sha256:3d9098b479e78c85080c98e1e35ff40b4a31d8953102bb0fd7d1b6f8a2111a3d"},
]

[[package]]
name = "click"
version = "8.1.3"
description = "Composable command line interface toolkit"
optional = false
python-versions = ">=3.7"
files = [
    {file = "click-8.1.3-py3-none-any.whl", hash = "sha256:bb4d8133cb15a609f44e8213d9b391b0809795062913b383c62be0ee95b1db48"},
    {file = "click-8.1.3.tar.gz", hash = "sha256:7682dc8afb30297001674575ea00d1814d808d6a36af415a82bd481d37ba7b8e"},
]

[package.dependencies]
colorama = {version = "*", markers = "platform_system == \"Windows\""}

[[package]]
name = "colorama"
version = "0.4.6"
description = "Cross-platform colored terminal text."
optional = false
python-versions = "!=3.0.*,!=3.1.*,!=3.2.*,!=3.3.*,!=3.4.*,!=3.5.*,!=3.6.*,>=2.7"
files = [
    {file = "colorama-0.4.6-py2.py3-none-any.whl", hash = "sha256:4f1d9991f5acc0ca119f9d443620b77f9d6b33703e51011c16baf57afb285fc6"},
    {file = "colorama-0.4.6.tar.gz", hash = "sha256:08695f5cb7ed6e0531a20572697297273c47b8cae5a63ffc6d6ed5c201be6e44"},
]

[[package]]
name = "exceptiongroup"
version = "1.1.1"
description = "Backport of PEP 654 (exception groups)"
optional = false
python-versions = ">=3.7"
files = [
    {file = "exceptiongroup-1.1.1-py3-none-any.whl", hash = "sha256:232c37c63e4f682982c8b6459f33a8981039e5fb8756b2074364e5055c498c9e"},
    {file = "exceptiongroup-1.1.1.tar.gz", hash = "sha256:d484c3090ba2889ae2928419117447a14daf3c1231d5e30d0aae34f354f01785"},
]

[package.extras]
test = ["pytest (>=6)"]

[[package]]
name = "h11"
version = "0.14.0"
description = "A pure-Python, bring-your-own-I/O implementation of HTTP/1.1"
optional = false
python-versions = ">=3.7"
files = [
    {file = "h11-0.14.0-py3-none-any.whl", hash = "sha256:e3fe4ac4b851c468cc8363d500db52c2ead036020723024a109d37346efaa761"},
    {file = "h11-0.14.0.tar.gz", hash = "sha256:8f19fbbe99e72420ff35c00b27a34cb9937e902a8b810e2c88300c6f0a3b699d"},
]

[[package]]
name = "httpcore"
version = "1.0.2"
description = "A minimal low-level HTTP client."
optional = false
python-versions = ">=3.8"
files = [
    {file = "httpcore-1.0.2-py3-none-any.whl", hash = "sha256:096cc05bca73b8e459a1fc3dcf585148f63e534eae4339559c9b8a8d6399acc7"},
    {file = "httpcore-1.0.2.tar.gz", hash = "sha256:9fc092e4799b26174648e54b74ed5f683132a464e95643b226e00c2ed2fa6535"},
]

[package.dependencies]
certifi = "*"
h11 = ">=0.13,<0.15"

[package.extras]
asyncio = ["anyio (>=4.0,<5.0)"]
http2 = ["h2 (>=3,<5)"]
socks = ["socksio (==1.*)"]
trio = ["trio (>=0.22.0,<0.23.0)"]

[[package]]
name = "httpx"
version = "0.25.2"
description = "The next generation HTTP client."
optional = false
python-versions = ">=3.8"
files = [
    {file = "httpx-0.25.2-py3-none-any.whl", hash = "sha256:a05d3d052d9b2dfce0e3896636467f8a5342fb2b902c819428e1ac65413ca118"},
    {file = "httpx-0.25.2.tar.gz", hash = "sha256:8b8fcaa0c8ea7b05edd69a094e63a2094c4efcb48129fb757361bc423c0ad9e8"},
]

[package.dependencies]
anyio = "*"
certifi = "*"
httpcore = "==1.*"
idna = "*"
sniffio = "*"

[package.extras]
brotli = ["brotli", "brotlicffi"]
cli = ["click (==8.*)", "pygments (==2.*)", "rich (>=10,<14)"]
http2 = ["h2 (>=3,<5)"]
socks = ["socksio (==1.*)"]

[[package]]
name = "humanize"
version = "4.9.0"
description = "Python humanize utilities"
optional = false
python-versions = ">=3.8"
files = [
    {file = "humanize-4.9.0-py3-none-any.whl", hash = "sha256:ce284a76d5b1377fd8836733b983bfb0b76f1aa1c090de2566fcf008d7f6ab16"},
    {file = "humanize-4.9.0.tar.gz", hash = "sha256:582a265c931c683a7e9b8ed9559089dea7edcf6cc95be39a3cbc2c5d5ac2bcfa"},
]

[package.extras]
tests = ["freezegun", "pytest", "pytest-cov"]

[[package]]
name = "idna"
version = "3.4"
description = "Internationalized Domain Names in Applications (IDNA)"
optional = false
python-versions = ">=3.5"
files = [
    {file = "idna-3.4-py3-none-any.whl", hash = "sha256:90b77e79eaa3eba6de819a0c442c0b4ceefc341a7a2ab77d7562bf49f425c5c2"},
    {file = "idna-3.4.tar.gz", hash = "sha256:814f528e8dead7d329833b91c5faa87d60bf71824cd12a7530b5526063d02cb4"},
]

[[package]]
name = "mypy-extensions"
version = "1.0.0"
description = "Type system extensions for programs checked with the mypy type checker."
optional = false
python-versions = ">=3.5"
files = [
    {file = "mypy_extensions-1.0.0-py3-none-any.whl", hash = "sha256:4392f6c0eb8a5668a69e23d168ffa70f0be9ccfd32b5cc2d26a34ae5b844552d"},
    {file = "mypy_extensions-1.0.0.tar.gz", hash = "sha256:75dbf8955dc00442a438fc4d0666508a9a97b6bd41aa2f0ffe9d2f2725af0782"},
]

[[package]]
name = "packaging"
version = "23.0"
description = "Core utilities for Python packages"
optional = false
python-versions = ">=3.7"
files = [
    {file = "packaging-23.0-py3-none-any.whl", hash = "sha256:714ac14496c3e68c99c29b00845f7a2b85f3bb6f1078fd9f72fd20f0570002b2"},
    {file = "packaging-23.0.tar.gz", hash = "sha256:b6ad297f8907de0fa2fe1ccbd26fdaf387f5f47c7275fedf8cce89f99446cf97"},
]

[[package]]
name = "pastel"
version = "0.2.1"
description = "Bring colors to your terminal."
optional = false
python-versions = ">=2.7, !=3.0.*, !=3.1.*, !=3.2.*, !=3.3.*"
files = [
    {file = "pastel-0.2.1-py2.py3-none-any.whl", hash = "sha256:4349225fcdf6c2bb34d483e523475de5bb04a5c10ef711263452cb37d7dd4364"},
    {file = "pastel-0.2.1.tar.gz", hash = "sha256:e6581ac04e973cac858828c6202c1e1e81fee1dc7de7683f3e1ffe0bfd8a573d"},
]

[[package]]
name = "pathspec"
version = "0.11.1"
description = "Utility library for gitignore style pattern matching of file paths."
optional = false
python-versions = ">=3.7"
files = [
    {file = "pathspec-0.11.1-py3-none-any.whl", hash = "sha256:d8af70af76652554bd134c22b3e8a1cc46ed7d91edcdd721ef1a0c51a84a5293"},
    {file = "pathspec-0.11.1.tar.gz", hash = "sha256:2798de800fa92780e33acca925945e9a19a133b715067cf165b8866c15a31687"},
]

[[package]]
name = "platformdirs"
version = "3.2.0"
description = "A small Python package for determining appropriate platform-specific dirs, e.g. a \"user data dir\"."
optional = false
python-versions = ">=3.7"
files = [
    {file = "platformdirs-3.2.0-py3-none-any.whl", hash = "sha256:ebe11c0d7a805086e99506aa331612429a72ca7cd52a1f0d277dc4adc20cb10e"},
    {file = "platformdirs-3.2.0.tar.gz", hash = "sha256:d5b638ca397f25f979350ff789db335903d7ea010ab28903f57b27e1b16c2b08"},
]

[package.extras]
docs = ["furo (>=2022.12.7)", "proselint (>=0.13)", "sphinx (>=6.1.3)", "sphinx-autodoc-typehints (>=1.22,!=1.23.4)"]
test = ["appdirs (==1.4.4)", "covdefaults (>=2.3)", "pytest (>=7.2.2)", "pytest-cov (>=4)", "pytest-mock (>=3.10)"]

[[package]]
name = "poethepoet"
version = "0.24.4"
description = "A task runner that works well with poetry."
optional = false
python-versions = ">=3.8"
files = [
    {file = "poethepoet-0.24.4-py3-none-any.whl", hash = "sha256:fb4ea35d7f40fe2081ea917d2e4102e2310fda2cde78974050ca83896e229075"},
    {file = "poethepoet-0.24.4.tar.gz", hash = "sha256:ff4220843a87c888cbcb5312c8905214701d0af60ac7271795baa8369b428fef"},
]

[package.dependencies]
pastel = ">=0.2.1,<0.3.0"
tomli = ">=1.2.2"

[package.extras]
poetry-plugin = ["poetry (>=1.0,<2.0)"]

[[package]]
name = "pyrate-limiter"
version = "2.10.0"
description = "Python Rate-Limiter using Leaky-Bucket Algorithm"
optional = false
python-versions = ">=3.7,<4.0"
files = [
    {file = "pyrate_limiter-2.10.0-py3-none-any.whl", hash = "sha256:a99e52159f5ed5eb58118bed8c645e30818e7c0e0d127a0585c8277c776b0f7f"},
    {file = "pyrate_limiter-2.10.0.tar.gz", hash = "sha256:98cc52cdbe058458e945ae87d4fd5a73186497ffa545ee6e98372f8599a5bd34"},
]

[package.extras]
all = ["filelock (>=3.0)", "redis (>=3.3,<4.0)", "redis-py-cluster (>=2.1.3,<3.0.0)"]
docs = ["furo (>=2022.3.4,<2023.0.0)", "myst-parser (>=0.17)", "sphinx (>=4.3.0,<5.0.0)", "sphinx-autodoc-typehints (>=1.17,<2.0)", "sphinx-copybutton (>=0.5)", "sphinxcontrib-apidoc (>=0.3,<0.4)"]

[[package]]
name = "python-dateutil"
version = "2.8.2"
description = "Extensions to the standard Python datetime module"
optional = false
python-versions = "!=3.0.*,!=3.1.*,!=3.2.*,>=2.7"
files = [
    {file = "python-dateutil-2.8.2.tar.gz", hash = "sha256:0123cacc1627ae19ddf3c27a5de5bd67ee4586fbdd6440d9748f8abb483d3e86"},
    {file = "python_dateutil-2.8.2-py2.py3-none-any.whl", hash = "sha256:961d03dc3453ebbc59dbdea9e4e11c5651520a876d0f4db161e8674aae935da9"},
]

[package.dependencies]
six = ">=1.5"

[[package]]
name = "python-dotenv"
version = "1.0.0"
description = "Read key-value pairs from a .env file and set them as environment variables"
optional = false
python-versions = ">=3.8"
files = [
    {file = "python-dotenv-1.0.0.tar.gz", hash = "sha256:a8df96034aae6d2d50a4ebe8216326c61c3eb64836776504fcca410e5937a3ba"},
    {file = "python_dotenv-1.0.0-py3-none-any.whl", hash = "sha256:f5971a9226b701070a4bf2c38c89e5a3f0d64de8debda981d1db98583009122a"},
]

[package.extras]
cli = ["click (>=5.0)"]

[[package]]
name = "redis"
version = "4.5.4"
description = "Python client for Redis database and key-value store"
optional = false
python-versions = ">=3.7"
files = [
    {file = "redis-4.5.4-py3-none-any.whl", hash = "sha256:2c19e6767c474f2e85167909061d525ed65bea9301c0770bb151e041b7ac89a2"},
    {file = "redis-4.5.4.tar.gz", hash = "sha256:73ec35da4da267d6847e47f68730fdd5f62e2ca69e3ef5885c6a78a9374c3893"},
]

[package.dependencies]
async-timeout = {version = ">=4.0.2", markers = "python_version <= \"3.11.2\""}

[package.extras]
hiredis = ["hiredis (>=1.0.0)"]
ocsp = ["cryptography (>=36.0.1)", "pyopenssl (==20.0.1)", "requests (>=2.26.0)"]

[[package]]
name = "requests"
version = "2.31.0"
description = "Python HTTP for Humans."
optional = false
python-versions = ">=3.7"
files = [
    {file = "requests-2.31.0-py3-none-any.whl", hash = "sha256:58cd2187c01e70e6e26505bca751777aa9f2ee0b7f4300988b709f44e013003f"},
    {file = "requests-2.31.0.tar.gz", hash = "sha256:942c5a758f98d790eaed1a29cb6eefc7ffb0d1cf7af05c3d2791656dbd6ad1e1"},
]

[package.dependencies]
certifi = ">=2017.4.17"
charset-normalizer = ">=2,<4"
idna = ">=2.5,<4"
urllib3 = ">=1.21.1,<3"

[package.extras]
socks = ["PySocks (>=1.5.6,!=1.5.7)"]
use-chardet-on-py3 = ["chardet (>=3.0.2,<6)"]

[[package]]
name = "requests-cache"
version = "1.1.1"
description = "A persistent cache for python requests"
optional = false
python-versions = ">=3.7,<4.0"
files = [
    {file = "requests_cache-1.1.1-py3-none-any.whl", hash = "sha256:c8420cf096f3aafde13c374979c21844752e2694ffd8710e6764685bb577ac90"},
    {file = "requests_cache-1.1.1.tar.gz", hash = "sha256:764f93d3fa860be72125a568c2cc8eafb151cf29b4dc2515433a56ee657e1c60"},
]

[package.dependencies]
attrs = ">=21.2"
cattrs = ">=22.2"
platformdirs = ">=2.5"
redis = {version = ">=3", optional = true, markers = "extra == \"redis\" or extra == \"all\""}
requests = ">=2.22"
url-normalize = ">=1.4"
urllib3 = ">=1.25.5"

[package.extras]
all = ["boto3 (>=1.15)", "botocore (>=1.18)", "itsdangerous (>=2.0)", "pymongo (>=3)", "pyyaml (>=5.4)", "redis (>=3)", "ujson (>=5.4)"]
bson = ["bson (>=0.5)"]
docs = ["furo (>=2023.3,<2024.0)", "linkify-it-py (>=2.0,<3.0)", "myst-parser (>=1.0,<2.0)", "sphinx (>=5.0.2,<6.0.0)", "sphinx-autodoc-typehints (>=1.19)", "sphinx-automodapi (>=0.14)", "sphinx-copybutton (>=0.5)", "sphinx-design (>=0.2)", "sphinx-notfound-page (>=0.8)", "sphinxcontrib-apidoc (>=0.3)", "sphinxext-opengraph (>=0.6)"]
dynamodb = ["boto3 (>=1.15)", "botocore (>=1.18)"]
json = ["ujson (>=5.4)"]
mongodb = ["pymongo (>=3)"]
redis = ["redis (>=3)"]
security = ["itsdangerous (>=2.0)"]
yaml = ["pyyaml (>=5.4)"]

[[package]]
name = "requests-ratelimiter"
version = "0.4.2"
description = "Rate-limiting for the requests library"
optional = false
python-versions = ">=3.7,<4.0"
files = [
    {file = "requests_ratelimiter-0.4.2-py3-none-any.whl", hash = "sha256:1cf68b02cca692f8dfa8eca12653a3ee177bea3208f8dd7533bb52a3ab14d16c"},
    {file = "requests_ratelimiter-0.4.2.tar.gz", hash = "sha256:7b804c9484617e3e7c372eba81b9dedfe6d34904d1ceb8b7c4a4f3b864dc0dbd"},
]

[package.dependencies]
pyrate-limiter = ">=2.8,<3.0"
requests = ">=2.20"

[package.extras]
docs = ["furo (>=2022.12,<2023.0)", "myst-parser (>=0.17)", "sphinx (>=5.2,<6.0)", "sphinx-autodoc-typehints (>=1.22,<2.0)", "sphinx-copybutton (>=0.5)"]

[[package]]
name = "selectolax"
version = "0.3.17"
description = "Fast HTML5 parser with CSS selectors."
optional = false
python-versions = "*"
files = [
    {file = "selectolax-0.3.17-cp310-cp310-macosx_10_9_universal2.whl", hash = "sha256:90cfaedb7fc2548bdbf9e0930a0fed6a0c51171a33693e3777359c5ef606ec6d"},
    {file = "selectolax-0.3.17-cp310-cp310-macosx_10_9_x86_64.whl", hash = "sha256:625c4e62a3c63e71fef1093c0e9493bc92747b0d940a7c42b6df16d5cca24a8d"},
    {file = "selectolax-0.3.17-cp310-cp310-manylinux_2_17_aarch64.manylinux2014_aarch64.whl", hash = "sha256:e96638d64d9ff11add1a888d97999c9ae5ec5bf431d7299ede18503cef11d2d1"},
    {file = "selectolax-0.3.17-cp310-cp310-manylinux_2_17_x86_64.manylinux2014_x86_64.whl", hash = "sha256:537b277e953f60337b0dae37633dcb374db49eb27cd87dcf6ba95bc1156e022c"},
    {file = "selectolax-0.3.17-cp310-cp310-manylinux_2_5_i686.manylinux1_i686.manylinux_2_17_i686.manylinux2014_i686.whl", hash = "sha256:409f4b3ddcd50b62264488fd59821c62331e796477836e49028ab656206bf34b"},
    {file = "selectolax-0.3.17-cp310-cp310-musllinux_1_1_aarch64.whl", hash = "sha256:da10b86dafdc96fa3744bd0596d6c80135d8dcc097bb07895bda9cb87f816410"},
    {file = "selectolax-0.3.17-cp310-cp310-musllinux_1_1_i686.whl", hash = "sha256:80fd1d987f2adf284b0360c907e2a080d0ea0e9bbfe38298360c7538f619908c"},
    {file = "selectolax-0.3.17-cp310-cp310-musllinux_1_1_x86_64.whl", hash = "sha256:ae094f2047b42123b6669f1614c71d9a06754a12eb2fabe460bfa4f6fbea6872"},
    {file = "selectolax-0.3.17-cp310-cp310-win32.whl", hash = "sha256:82cd0aa4ebb764ca07251a76c5fc25a7f18f4a1155cdc0ff00242bbd5a32554d"},
    {file = "selectolax-0.3.17-cp310-cp310-win_amd64.whl", hash = "sha256:500934af2df8384ae0bf50f7e08360a781f270b73cba2d1e3033540d4b25c839"},
    {file = "selectolax-0.3.17-cp311-cp311-macosx_10_9_universal2.whl", hash = "sha256:d60578883894baf65b4585b186a8280db66396fba7f460f400d759a7439c74ac"},
    {file = "selectolax-0.3.17-cp311-cp311-macosx_10_9_x86_64.whl", hash = "sha256:12c442fc8661c14485ccb9ca34a4d9823809c1e2bdad1d02cbb5855625c96974"},
    {file = "selectolax-0.3.17-cp311-cp311-manylinux_2_17_aarch64.manylinux2014_aarch64.whl", hash = "sha256:ad9fb5f98e3ebd8fd51a188c41436c58767b2356de9f6279dd43c2ac109344a7"},
    {file = "selectolax-0.3.17-cp311-cp311-manylinux_2_17_x86_64.manylinux2014_x86_64.whl", hash = "sha256:e690a7d5ebe475a7d9275e22a9fc074925b203375a67329f432e04cd79f30589"},
    {file = "selectolax-0.3.17-cp311-cp311-manylinux_2_5_i686.manylinux1_i686.manylinux_2_17_i686.manylinux2014_i686.whl", hash = "sha256:3a7b6195d69862d74ceaeea26449a601641e4b4c80ad34924de3a7b8219acb94"},
    {file = "selectolax-0.3.17-cp311-cp311-musllinux_1_1_aarch64.whl", hash = "sha256:95b4c7d3190efccba65ca73f12c8034e36672ebfe00dc16ec56392a6ee221769"},
    {file = "selectolax-0.3.17-cp311-cp311-musllinux_1_1_i686.whl", hash = "sha256:efd228d0017d5db02c20e024e90f77c58f0a59dec66bc33084e0140d7867d39e"},
    {file = "selectolax-0.3.17-cp311-cp311-musllinux_1_1_x86_64.whl", hash = "sha256:29e1bad84660ca46d05e4dc7173cbb4877776379970a31a8deb027e22a58f1e4"},
    {file = "selectolax-0.3.17-cp311-cp311-win32.whl", hash = "sha256:8dcdd1eb059d6b398c20ef53a03fae54a821670aa156df1310aff111b7472bf2"},
    {file = "selectolax-0.3.17-cp311-cp311-win_amd64.whl", hash = "sha256:ea9987b139d74d76321f1fe1f5a9d240b9c0c59da7bcc9240c76c17629af52ab"},
    {file = "selectolax-0.3.17-cp312-cp312-macosx_10_9_universal2.whl", hash = "sha256:cc5315c92d36efa9e8fcc2243a7190eb61e2961908211dc0c12b890ff9f3e585"},
    {file = "selectolax-0.3.17-cp312-cp312-macosx_10_9_x86_64.whl", hash = "sha256:c0fc0ad4c06ddc685a437ce6fb30443986e5ff64a37fda83877feec3d0fff4bb"},
    {file = "selectolax-0.3.17-cp312-cp312-manylinux_2_17_aarch64.manylinux2014_aarch64.whl", hash = "sha256:9eb075cc291e4fde10652050953d8f972265b7159480d33d7fd4b6e51d7114d0"},
    {file = "selectolax-0.3.17-cp312-cp312-manylinux_2_17_x86_64.manylinux2014_x86_64.whl", hash = "sha256:36751144ce25ab580cbb72c4935ab8d38575a2c8143285d0e9c94355c6a130ff"},
    {file = "selectolax-0.3.17-cp312-cp312-manylinux_2_5_i686.manylinux1_i686.manylinux_2_17_i686.manylinux2014_i686.whl", hash = "sha256:d4ba12e1e26b7b69cdf2f24fbe7b1f6679f296db958373bab70160ae6b05a922"},
    {file = "selectolax-0.3.17-cp312-cp312-musllinux_1_1_aarch64.whl", hash = "sha256:c6b120bf387e952c645b29b9aeb1fe96e0f5b41103a671ff8a1360337bbea848"},
    {file = "selectolax-0.3.17-cp312-cp312-musllinux_1_1_i686.whl", hash = "sha256:5a4f983768f7c9313c7e62e9d591476381ca8abca54ccbbfef65639c810a03a7"},
    {file = "selectolax-0.3.17-cp312-cp312-musllinux_1_1_x86_64.whl", hash = "sha256:470ac64112336df9594254933fe53399a4aa30759e2eeff74c6d458bb2bebe3b"},
    {file = "selectolax-0.3.17-cp312-cp312-win32.whl", hash = "sha256:2238e6799a445a2bc9558dcc17ec7f292263eaf65b84065e3d747b15da1ae6be"},
    {file = "selectolax-0.3.17-cp312-cp312-win_amd64.whl", hash = "sha256:8f83de08738f6a94f6898ceaa823e8cc771430e3ff9eb242173c37768c515085"},
    {file = "selectolax-0.3.17-cp37-cp37m-macosx_10_9_x86_64.whl", hash = "sha256:029f4fee89a1d309a31030895f6ebabc709fd21dc67f93f8af03cd63e77e7776"},
    {file = "selectolax-0.3.17-cp37-cp37m-manylinux_2_17_x86_64.manylinux2014_x86_64.whl", hash = "sha256:b63ad7f851bc748f400034b4c3caab698934cc061e6f2f20f8954404c695f6ed"},
    {file = "selectolax-0.3.17-cp37-cp37m-manylinux_2_5_i686.manylinux1_i686.manylinux_2_17_i686.manylinux2014_i686.whl", hash = "sha256:e727eff773c88ab657a94ba99917e602bbc49a0bdef711640d0d8234ebb2ec9f"},
    {file = "selectolax-0.3.17-cp37-cp37m-musllinux_1_1_i686.whl", hash = "sha256:abac8798c84a0e907e9cd9eda37eea2ee349c5c5ae49dbbb53b867480941375b"},
    {file = "selectolax-0.3.17-cp37-cp37m-musllinux_1_1_x86_64.whl", hash = "sha256:3555691b73509136d63821c9526639beb5c0f01c567fc7aa3d9a03e3827c4b81"},
    {file = "selectolax-0.3.17-cp37-cp37m-win32.whl", hash = "sha256:f737b6d29c47aef4e558b25068cbe0c2e1d04207c2b854c92233cd9f79b6f40e"},
    {file = "selectolax-0.3.17-cp37-cp37m-win_amd64.whl", hash = "sha256:b79130e8da8b7021e81e6989c82b94a48861f142513796af8b78666f4cf320fe"},
    {file = "selectolax-0.3.17-cp38-cp38-macosx_10_9_universal2.whl", hash = "sha256:11a35ce0058d6791768a35bf8707aec9db3580c94b937a32c1c70dd205301ee1"},
    {file = "selectolax-0.3.17-cp38-cp38-macosx_10_9_x86_64.whl", hash = "sha256:74fbfa2ef56d728097cb3ba0051515a67c940e6fdb740515e187d016c095f54a"},
    {file = "selectolax-0.3.17-cp38-cp38-manylinux_2_17_x86_64.manylinux2014_x86_64.whl", hash = "sha256:5056313b8c0bfc127ed6ba4ab3b378a8b8445f1a79b04521a909d42dc98c3666"},
    {file = "selectolax-0.3.17-cp38-cp38-manylinux_2_5_i686.manylinux1_i686.manylinux_2_17_i686.manylinux2014_i686.whl", hash = "sha256:43afc46eadcd58416e76e22a8b30ec7c5e885ee87b1e87e6d530c789df937f7b"},
    {file = "selectolax-0.3.17-cp38-cp38-musllinux_1_1_i686.whl", hash = "sha256:317de0965d9ace3e774fd2ca447cc9d4089cf0fafce0243a6d323b94db2d2c41"},
    {file = "selectolax-0.3.17-cp38-cp38-musllinux_1_1_x86_64.whl", hash = "sha256:c768b9ed9f9071559bc63eb1808140946570b71a32facfe89b6059b72fa16ea7"},
    {file = "selectolax-0.3.17-cp38-cp38-win32.whl", hash = "sha256:8540dea060e0772236e22826f17bd3497a88e413ff566158cbfa4ee08c338e34"},
    {file = "selectolax-0.3.17-cp38-cp38-win_amd64.whl", hash = "sha256:316eec054f39f56f6718acee4b531bc1d8d357e64980f331fe262e38f9d1722e"},
    {file = "selectolax-0.3.17-cp39-cp39-macosx_10_9_universal2.whl", hash = "sha256:b9d5b90dc6b3fc7fc42e1802c3f818df3b1663f2b51883a1f8ebe49b38f0aa72"},
    {file = "selectolax-0.3.17-cp39-cp39-macosx_10_9_x86_64.whl", hash = "sha256:28837a339503fcf6b51a95692faabc9828a2fd18550995eb4fbca9e821631977"},
    {file = "selectolax-0.3.17-cp39-cp39-manylinux_2_17_aarch64.manylinux2014_aarch64.whl", hash = "sha256:2b384effc3f1468fca41a06bcdc6e59790feb8650e7366c7e3a2179a57dd2c6d"},
    {file = "selectolax-0.3.17-cp39-cp39-manylinux_2_17_x86_64.manylinux2014_x86_64.whl", hash = "sha256:33702f2481eec647ec6b38fd2024842b2f66e661355894910b4ad54d9d1851c4"},
    {file = "selectolax-0.3.17-cp39-cp39-manylinux_2_5_i686.manylinux1_i686.manylinux_2_17_i686.manylinux2014_i686.whl", hash = "sha256:d06af24b0108aafb13f28bfda6f554ffdaddab56c05efed0ed0a6cc059a03fa8"},
    {file = "selectolax-0.3.17-cp39-cp39-musllinux_1_1_aarch64.whl", hash = "sha256:f33594c6467823281d816726b03e464b3accc9ecf0d3db4915d582b477b17ad6"},
    {file = "selectolax-0.3.17-cp39-cp39-musllinux_1_1_i686.whl", hash = "sha256:b3d60b424abb54fbf6249bfcd9c1cf19402a7039c711be7eecaaef4af64b5c07"},
    {file = "selectolax-0.3.17-cp39-cp39-musllinux_1_1_x86_64.whl", hash = "sha256:a9da6591f1bcf05d4c2b7c1c81ef162c622365485610990cffbeebe1877f4d0b"},
    {file = "selectolax-0.3.17-cp39-cp39-win32.whl", hash = "sha256:b49043ade5633e514016f2f0528c405e72a2e2a85f7465942352f98b8854e64f"},
    {file = "selectolax-0.3.17-cp39-cp39-win_amd64.whl", hash = "sha256:db303344e6b9afb16b3e8a3bf73745cfbc7d2b04b05ed8d73c35d4ee11892e7e"},
    {file = "selectolax-0.3.17.tar.gz", hash = "sha256:c9b105d993f398c570c98c2b971609536ef10d154a03c7fa543068e79d1fa82f"},
]

[package.extras]
cython = ["Cython (==0.29.36)"]

[[package]]
name = "six"
version = "1.16.0"
description = "Python 2 and 3 compatibility utilities"
optional = false
python-versions = ">=2.7, !=3.0.*, !=3.1.*, !=3.2.*"
files = [
    {file = "six-1.16.0-py2.py3-none-any.whl", hash = "sha256:8abb2f1d86890a2dfb989f9a77cfcfd3e47c2a354b01111771326f8aa26e0254"},
    {file = "six-1.16.0.tar.gz", hash = "sha256:1e61c37477a1626458e36f7b1d82aa5c9b094fa4802892072e49de9c60c4c926"},
]

[[package]]
name = "sniffio"
version = "1.3.0"
description = "Sniff out which async library your code is running under"
optional = false
python-versions = ">=3.7"
files = [
    {file = "sniffio-1.3.0-py3-none-any.whl", hash = "sha256:eecefdce1e5bbfb7ad2eeaabf7c1eeb404d7757c379bd1f7e5cce9d8bf425384"},
    {file = "sniffio-1.3.0.tar.gz", hash = "sha256:e60305c5e5d314f5389259b7f22aaa33d8f7dee49763119234af3755c55b9101"},
]

[[package]]
name = "termcolor"
version = "2.4.0"
description = "ANSI color formatting for output in terminal"
optional = false
python-versions = ">=3.8"
files = [
    {file = "termcolor-2.4.0-py3-none-any.whl", hash = "sha256:9297c0df9c99445c2412e832e882a7884038a25617c60cea2ad69488d4040d63"},
    {file = "termcolor-2.4.0.tar.gz", hash = "sha256:aab9e56047c8ac41ed798fa36d892a37aca6b3e9159f3e0c24bc64a9b3ac7b7a"},
]

[package.extras]
tests = ["pytest", "pytest-cov"]

[[package]]
name = "tomli"
version = "2.0.1"
description = "A lil' TOML parser"
optional = false
python-versions = ">=3.7"
files = [
    {file = "tomli-2.0.1-py3-none-any.whl", hash = "sha256:939de3e7a6161af0c887ef91b7d41a53e7c5a1ca976325f429cb46ea9bc30ecc"},
    {file = "tomli-2.0.1.tar.gz", hash = "sha256:de526c12914f0c550d15924c62d72abc48d6fe7364aa87328337a31007fe8a4f"},
]

[[package]]
name = "typing-extensions"
version = "4.7.1"
description = "Backported and Experimental Type Hints for Python 3.7+"
optional = false
python-versions = ">=3.7"
files = [
    {file = "typing_extensions-4.7.1-py3-none-any.whl", hash = "sha256:440d5dd3af93b060174bf433bccd69b0babc3b15b1a8dca43789fd7f61514b36"},
    {file = "typing_extensions-4.7.1.tar.gz", hash = "sha256:b75ddc264f0ba5615db7ba217daeb99701ad295353c45f9e95963337ceeeffb2"},
]

[[package]]
name = "url-normalize"
version = "1.4.3"
description = "URL normalization for Python"
optional = false
python-versions = ">=2.7, !=3.0.*, !=3.1.*, !=3.2.*, !=3.3.*, !=3.4.*, !=3.5.*"
files = [
    {file = "url-normalize-1.4.3.tar.gz", hash = "sha256:d23d3a070ac52a67b83a1c59a0e68f8608d1cd538783b401bc9de2c0fac999b2"},
    {file = "url_normalize-1.4.3-py2.py3-none-any.whl", hash = "sha256:ec3c301f04e5bb676d333a7fa162fa977ad2ca04b7e652bfc9fac4e405728eed"},
]

[package.dependencies]
six = "*"

[[package]]
name = "urllib3"
version = "1.26.18"
description = "HTTP library with thread-safe connection pooling, file post, and more."
optional = false
python-versions = ">=2.7, !=3.0.*, !=3.1.*, !=3.2.*, !=3.3.*, !=3.4.*, !=3.5.*"
files = [
    {file = "urllib3-1.26.18-py2.py3-none-any.whl", hash = "sha256:34b97092d7e0a3a8cf7cd10e386f401b3737364026c45e622aa02903dffe0f07"},
    {file = "urllib3-1.26.18.tar.gz", hash = "sha256:f8ecc1bba5667413457c529ab955bf8c67b45db799d159066261719e328580a0"},
]

[package.extras]
brotli = ["brotli (==1.0.9)", "brotli (>=1.0.9)", "brotlicffi (>=0.8.0)", "brotlipy (>=0.6.0)"]
secure = ["certifi", "cryptography (>=1.3.4)", "idna (>=2.0.0)", "ipaddress", "pyOpenSSL (>=0.14)", "urllib3-secure-extra"]
socks = ["PySocks (>=1.5.6,!=1.5.7,<2.0)"]

[[package]]
name = "youtube-search"
version = "2.1.2"
description = "Perform YouTube video searches without the API"
optional = false
python-versions = "*"
files = [
    {file = "youtube-search-2.1.2.tar.gz", hash = "sha256:5749a6d8076fda65557c91367f0fab0936290ecdea457c831c9f3f05918a3aa2"},
    {file = "youtube_search-2.1.2-py3-none-any.whl", hash = "sha256:f9cfaaf7c59806777eb29d3b8acee96b50e80f73a0621c2bb220d4e5beb09e4f"},
]

[package.dependencies]
requests = "*"

[metadata]
lock-version = "2.0"
python-versions = "^3.10"
content-hash = "1afc9ad17e8ff4400ec40df91958ab1425ef3f958c9d15774b5972048b21e1cc"
